// !$*UTF8*$!
{
	archiveVersion = 1;
	classes = {
	};
	objectVersion = 48;
	objects = {

/* Begin PBXBuildFile section */
		82135399F97880D166741015 /* Pods_ParkItTests.framework in Frameworks */ = {isa = PBXBuildFile; fileRef = 7768B97DE0F4271D0B9F4480 /* Pods_ParkItTests.framework */; };
		C338EA3C2055C8D70031F487 /* BuySpotViewController.swift in Sources */ = {isa = PBXBuildFile; fileRef = C338EA3B2055C8D70031F487 /* BuySpotViewController.swift */; };
		CAC58B628EFCA70AC385027C /* Pods_ParkItUITests.framework in Frameworks */ = {isa = PBXBuildFile; fileRef = DCE28106BA5591F0B3114968 /* Pods_ParkItUITests.framework */; };
		CD43455B6D359716BEFED282 /* Pods_ParkIt.framework in Frameworks */ = {isa = PBXBuildFile; fileRef = 250CDFFBA075A76DB0991A90 /* Pods_ParkIt.framework */; };
		DD2B3AE72033B7300012CE0D /* LoginViewController.swift in Sources */ = {isa = PBXBuildFile; fileRef = DD2B3AE62033B7300012CE0D /* LoginViewController.swift */; };
		DD5B01AA206E9EBB00CB7653 /* AccountViewController.swift in Sources */ = {isa = PBXBuildFile; fileRef = DD5B01A9206E9EBB00CB7653 /* AccountViewController.swift */; };
		DD631B6A202379520095A1BC /* AppDelegate.swift in Sources */ = {isa = PBXBuildFile; fileRef = DD631B69202379520095A1BC /* AppDelegate.swift */; };
		DD631B6F202379520095A1BC /* Main.storyboard in Resources */ = {isa = PBXBuildFile; fileRef = DD631B6D202379520095A1BC /* Main.storyboard */; };
		DD631B71202379520095A1BC /* Assets.xcassets in Resources */ = {isa = PBXBuildFile; fileRef = DD631B70202379520095A1BC /* Assets.xcassets */; };
		DD631B74202379520095A1BC /* LaunchScreen.storyboard in Resources */ = {isa = PBXBuildFile; fileRef = DD631B72202379520095A1BC /* LaunchScreen.storyboard */; };
		DD631B7F202379520095A1BC /* ParkItTests.swift in Sources */ = {isa = PBXBuildFile; fileRef = DD631B7E202379520095A1BC /* ParkItTests.swift */; };
		DD631B8A202379520095A1BC /* ParkItUITests.swift in Sources */ = {isa = PBXBuildFile; fileRef = DD631B89202379520095A1BC /* ParkItUITests.swift */; };
		DD6CC028205A2AF900B697BE /* GoogleService-Info.plist in Resources */ = {isa = PBXBuildFile; fileRef = DD6CC027205A2AF900B697BE /* GoogleService-Info.plist */; };
		DDC279C62045D0480057304A /* blackiii_thumbnail.jpg in Resources */ = {isa = PBXBuildFile; fileRef = DDC279C52045D0480057304A /* blackiii_thumbnail.jpg */; };
		DDEA9B9B2051A6E0002FCA6C /* ParkingSpot.swift in Sources */ = {isa = PBXBuildFile; fileRef = DDEA9B9A2051A6E0002FCA6C /* ParkingSpot.swift */; };
		DDEA9B9D2051A6E7002FCA6C /* ParkingSpotMarkerView.swift in Sources */ = {isa = PBXBuildFile; fileRef = DDEA9B9C2051A6E7002FCA6C /* ParkingSpotMarkerView.swift */; };
		DDEA9BA42051A73B002FCA6C /* MapViewController.swift in Sources */ = {isa = PBXBuildFile; fileRef = DDEA9BA32051A73B002FCA6C /* MapViewController.swift */; };
		DDEA9BA62051A747002FCA6C /* ViewController.swift in Sources */ = {isa = PBXBuildFile; fileRef = DDEA9BA52051A747002FCA6C /* ViewController.swift */; };
		DDEA9BA82051A96A002FCA6C /* PublicArt.json in Resources */ = {isa = PBXBuildFile; fileRef = DDEA9BA72051A96A002FCA6C /* PublicArt.json */; };
		F618E79B2085A33300F5692E /* ViewSpotViewController.swift in Sources */ = {isa = PBXBuildFile; fileRef = F618E79A2085A33300F5692E /* ViewSpotViewController.swift */; };
		F69FF1F2208CFDBB006F03EA /* LocationSearchTable.swift in Sources */ = {isa = PBXBuildFile; fileRef = F69FF1F1208CFDBB006F03EA /* LocationSearchTable.swift */; };
/* End PBXBuildFile section */

/* Begin PBXContainerItemProxy section */
		DD631B7B202379520095A1BC /* PBXContainerItemProxy */ = {
			isa = PBXContainerItemProxy;
			containerPortal = DD631B5E202379520095A1BC /* Project object */;
			proxyType = 1;
			remoteGlobalIDString = DD631B65202379520095A1BC;
			remoteInfo = ParkIt;
		};
		DD631B86202379520095A1BC /* PBXContainerItemProxy */ = {
			isa = PBXContainerItemProxy;
			containerPortal = DD631B5E202379520095A1BC /* Project object */;
			proxyType = 1;
			remoteGlobalIDString = DD631B65202379520095A1BC;
			remoteInfo = ParkIt;
		};
/* End PBXContainerItemProxy section */

/* Begin PBXFileReference section */
		115C62E410A9ED0B65EF56AE /* Pods-ParkIt.debug.xcconfig */ = {isa = PBXFileReference; includeInIndex = 1; lastKnownFileType = text.xcconfig; name = "Pods-ParkIt.debug.xcconfig"; path = "Pods/Target Support Files/Pods-ParkIt/Pods-ParkIt.debug.xcconfig"; sourceTree = "<group>"; };
		250CDFFBA075A76DB0991A90 /* Pods_ParkIt.framework */ = {isa = PBXFileReference; explicitFileType = wrapper.framework; includeInIndex = 0; path = Pods_ParkIt.framework; sourceTree = BUILT_PRODUCTS_DIR; };
		304C1B4DB721757C00DCE9A5 /* Pods-ParkItTests.debug.xcconfig */ = {isa = PBXFileReference; includeInIndex = 1; lastKnownFileType = text.xcconfig; name = "Pods-ParkItTests.debug.xcconfig"; path = "Pods/Target Support Files/Pods-ParkItTests/Pods-ParkItTests.debug.xcconfig"; sourceTree = "<group>"; };
		755633ED5D4BADDC832FB6FC /* Pods-ParkItUITests.debug.xcconfig */ = {isa = PBXFileReference; includeInIndex = 1; lastKnownFileType = text.xcconfig; name = "Pods-ParkItUITests.debug.xcconfig"; path = "Pods/Target Support Files/Pods-ParkItUITests/Pods-ParkItUITests.debug.xcconfig"; sourceTree = "<group>"; };
		7768B97DE0F4271D0B9F4480 /* Pods_ParkItTests.framework */ = {isa = PBXFileReference; explicitFileType = wrapper.framework; includeInIndex = 0; path = Pods_ParkItTests.framework; sourceTree = BUILT_PRODUCTS_DIR; };
		77F0CF2EDDF923B1D8A75BDA /* Pods-ParkItUITests.release.xcconfig */ = {isa = PBXFileReference; includeInIndex = 1; lastKnownFileType = text.xcconfig; name = "Pods-ParkItUITests.release.xcconfig"; path = "Pods/Target Support Files/Pods-ParkItUITests/Pods-ParkItUITests.release.xcconfig"; sourceTree = "<group>"; };
		C338EA3B2055C8D70031F487 /* BuySpotViewController.swift */ = {isa = PBXFileReference; lastKnownFileType = sourcecode.swift; path = BuySpotViewController.swift; sourceTree = "<group>"; };
		D360818B6817DD20CA5DFABF /* Pods-ParkIt.release.xcconfig */ = {isa = PBXFileReference; includeInIndex = 1; lastKnownFileType = text.xcconfig; name = "Pods-ParkIt.release.xcconfig"; path = "Pods/Target Support Files/Pods-ParkIt/Pods-ParkIt.release.xcconfig"; sourceTree = "<group>"; };
		DCE28106BA5591F0B3114968 /* Pods_ParkItUITests.framework */ = {isa = PBXFileReference; explicitFileType = wrapper.framework; includeInIndex = 0; path = Pods_ParkItUITests.framework; sourceTree = BUILT_PRODUCTS_DIR; };
		DD2B3AE62033B7300012CE0D /* LoginViewController.swift */ = {isa = PBXFileReference; lastKnownFileType = sourcecode.swift; path = LoginViewController.swift; sourceTree = "<group>"; };
		DD5B01A9206E9EBB00CB7653 /* AccountViewController.swift */ = {isa = PBXFileReference; lastKnownFileType = sourcecode.swift; path = AccountViewController.swift; sourceTree = "<group>"; };
		DD631B66202379520095A1BC /* ParkIt.app */ = {isa = PBXFileReference; explicitFileType = wrapper.application; includeInIndex = 0; path = ParkIt.app; sourceTree = BUILT_PRODUCTS_DIR; };
		DD631B69202379520095A1BC /* AppDelegate.swift */ = {isa = PBXFileReference; lastKnownFileType = sourcecode.swift; path = AppDelegate.swift; sourceTree = "<group>"; };
		DD631B6E202379520095A1BC /* Base */ = {isa = PBXFileReference; lastKnownFileType = file.storyboard; name = Base; path = Base.lproj/Main.storyboard; sourceTree = "<group>"; };
		DD631B70202379520095A1BC /* Assets.xcassets */ = {isa = PBXFileReference; lastKnownFileType = folder.assetcatalog; path = Assets.xcassets; sourceTree = "<group>"; };
		DD631B73202379520095A1BC /* Base */ = {isa = PBXFileReference; lastKnownFileType = file.storyboard; name = Base; path = Base.lproj/LaunchScreen.storyboard; sourceTree = "<group>"; };
		DD631B7A202379520095A1BC /* ParkItTests.xctest */ = {isa = PBXFileReference; explicitFileType = wrapper.cfbundle; includeInIndex = 0; path = ParkItTests.xctest; sourceTree = BUILT_PRODUCTS_DIR; };
		DD631B7E202379520095A1BC /* ParkItTests.swift */ = {isa = PBXFileReference; lastKnownFileType = sourcecode.swift; path = ParkItTests.swift; sourceTree = "<group>"; };
		DD631B80202379520095A1BC /* Info.plist */ = {isa = PBXFileReference; lastKnownFileType = text.plist.xml; path = Info.plist; sourceTree = "<group>"; };
		DD631B85202379520095A1BC /* ParkItUITests.xctest */ = {isa = PBXFileReference; explicitFileType = wrapper.cfbundle; includeInIndex = 0; path = ParkItUITests.xctest; sourceTree = BUILT_PRODUCTS_DIR; };
		DD631B89202379520095A1BC /* ParkItUITests.swift */ = {isa = PBXFileReference; lastKnownFileType = sourcecode.swift; path = ParkItUITests.swift; sourceTree = "<group>"; };
		DD631B8B202379520095A1BC /* Info.plist */ = {isa = PBXFileReference; lastKnownFileType = text.plist.xml; path = Info.plist; sourceTree = "<group>"; };
		DD6CC027205A2AF900B697BE /* GoogleService-Info.plist */ = {isa = PBXFileReference; fileEncoding = 4; lastKnownFileType = text.plist.xml; path = "GoogleService-Info.plist"; sourceTree = "<group>"; };
		DDC279C52045D0480057304A /* blackiii_thumbnail.jpg */ = {isa = PBXFileReference; lastKnownFileType = image.jpeg; name = blackiii_thumbnail.jpg; path = ../../blackiii_thumbnail.jpg; sourceTree = "<group>"; };
		DDEA9B9A2051A6E0002FCA6C /* ParkingSpot.swift */ = {isa = PBXFileReference; fileEncoding = 4; lastKnownFileType = sourcecode.swift; path = ParkingSpot.swift; sourceTree = "<group>"; };
		DDEA9B9C2051A6E7002FCA6C /* ParkingSpotMarkerView.swift */ = {isa = PBXFileReference; fileEncoding = 4; lastKnownFileType = sourcecode.swift; path = ParkingSpotMarkerView.swift; sourceTree = "<group>"; };
		DDEA9BA12051A720002FCA6C /* Info.plist */ = {isa = PBXFileReference; fileEncoding = 4; lastKnownFileType = text.plist.xml; path = Info.plist; sourceTree = "<group>"; };
		DDEA9BA32051A73B002FCA6C /* MapViewController.swift */ = {isa = PBXFileReference; fileEncoding = 4; lastKnownFileType = sourcecode.swift; path = MapViewController.swift; sourceTree = "<group>"; };
		DDEA9BA52051A747002FCA6C /* ViewController.swift */ = {isa = PBXFileReference; fileEncoding = 4; lastKnownFileType = sourcecode.swift; path = ViewController.swift; sourceTree = "<group>"; };
		DDEA9BA72051A96A002FCA6C /* PublicArt.json */ = {isa = PBXFileReference; fileEncoding = 4; lastKnownFileType = text.json; path = PublicArt.json; sourceTree = "<group>"; };
		F618E79A2085A33300F5692E /* ViewSpotViewController.swift */ = {isa = PBXFileReference; lastKnownFileType = sourcecode.swift; path = ViewSpotViewController.swift; sourceTree = "<group>"; };
		F69FF1F1208CFDBB006F03EA /* LocationSearchTable.swift */ = {isa = PBXFileReference; lastKnownFileType = sourcecode.swift; path = LocationSearchTable.swift; sourceTree = "<group>"; };
		F78A5730D9AEEFA4DA3813AF /* Pods-ParkItTests.release.xcconfig */ = {isa = PBXFileReference; includeInIndex = 1; lastKnownFileType = text.xcconfig; name = "Pods-ParkItTests.release.xcconfig"; path = "Pods/Target Support Files/Pods-ParkItTests/Pods-ParkItTests.release.xcconfig"; sourceTree = "<group>"; };
/* End PBXFileReference section */

/* Begin PBXFrameworksBuildPhase section */
		DD631B63202379520095A1BC /* Frameworks */ = {
			isa = PBXFrameworksBuildPhase;
			buildActionMask = 2147483647;
			files = (
				CD43455B6D359716BEFED282 /* Pods_ParkIt.framework in Frameworks */,
			);
			runOnlyForDeploymentPostprocessing = 0;
		};
		DD631B77202379520095A1BC /* Frameworks */ = {
			isa = PBXFrameworksBuildPhase;
			buildActionMask = 2147483647;
			files = (
				82135399F97880D166741015 /* Pods_ParkItTests.framework in Frameworks */,
			);
			runOnlyForDeploymentPostprocessing = 0;
		};
		DD631B82202379520095A1BC /* Frameworks */ = {
			isa = PBXFrameworksBuildPhase;
			buildActionMask = 2147483647;
			files = (
				CAC58B628EFCA70AC385027C /* Pods_ParkItUITests.framework in Frameworks */,
			);
			runOnlyForDeploymentPostprocessing = 0;
		};
/* End PBXFrameworksBuildPhase section */

/* Begin PBXGroup section */
		0207716D9EC464324483167A /* Pods */ = {
			isa = PBXGroup;
			children = (
				115C62E410A9ED0B65EF56AE /* Pods-ParkIt.debug.xcconfig */,
				D360818B6817DD20CA5DFABF /* Pods-ParkIt.release.xcconfig */,
				304C1B4DB721757C00DCE9A5 /* Pods-ParkItTests.debug.xcconfig */,
				F78A5730D9AEEFA4DA3813AF /* Pods-ParkItTests.release.xcconfig */,
				755633ED5D4BADDC832FB6FC /* Pods-ParkItUITests.debug.xcconfig */,
				77F0CF2EDDF923B1D8A75BDA /* Pods-ParkItUITests.release.xcconfig */,
			);
			name = Pods;
			sourceTree = "<group>";
		};
		0B37C54C939BDDCF08D1CD33 /* Frameworks */ = {
			isa = PBXGroup;
			children = (
				250CDFFBA075A76DB0991A90 /* Pods_ParkIt.framework */,
				7768B97DE0F4271D0B9F4480 /* Pods_ParkItTests.framework */,
				DCE28106BA5591F0B3114968 /* Pods_ParkItUITests.framework */,
			);
			name = Frameworks;
			sourceTree = "<group>";
		};
		DD631B5D202379520095A1BC = {
			isa = PBXGroup;
			children = (
				DD631B68202379520095A1BC /* ParkIt */,
				DD631B7D202379520095A1BC /* ParkItTests */,
				DD631B88202379520095A1BC /* ParkItUITests */,
				DD631B67202379520095A1BC /* Products */,
				0207716D9EC464324483167A /* Pods */,
				0B37C54C939BDDCF08D1CD33 /* Frameworks */,
			);
			sourceTree = "<group>";
		};
		DD631B67202379520095A1BC /* Products */ = {
			isa = PBXGroup;
			children = (
				DD631B66202379520095A1BC /* ParkIt.app */,
				DD631B7A202379520095A1BC /* ParkItTests.xctest */,
				DD631B85202379520095A1BC /* ParkItUITests.xctest */,
			);
			name = Products;
			sourceTree = "<group>";
		};
		DD631B68202379520095A1BC /* ParkIt */ = {
			isa = PBXGroup;
			children = (
				DD631B69202379520095A1BC /* AppDelegate.swift */,
				DDC279C52045D0480057304A /* blackiii_thumbnail.jpg */,
				DDEA9BA52051A747002FCA6C /* ViewController.swift */,
				DD2B3AE62033B7300012CE0D /* LoginViewController.swift */,
				DDEA9B9A2051A6E0002FCA6C /* ParkingSpot.swift */,
				F618E79A2085A33300F5692E /* ViewSpotViewController.swift */,
				DDEA9B9C2051A6E7002FCA6C /* ParkingSpotMarkerView.swift */,
				DDEA9BA32051A73B002FCA6C /* MapViewController.swift */,
				DD631B6D202379520095A1BC /* Main.storyboard */,
				F69FF1F1208CFDBB006F03EA /* LocationSearchTable.swift */,
				DD5B01A9206E9EBB00CB7653 /* AccountViewController.swift */,
				C338EA3B2055C8D70031F487 /* BuySpotViewController.swift */,
				DDEA9BA72051A96A002FCA6C /* PublicArt.json */,
				DD631B70202379520095A1BC /* Assets.xcassets */,
				DD631B72202379520095A1BC /* LaunchScreen.storyboard */,
				DDEA9BA12051A720002FCA6C /* Info.plist */,
				DD6CC027205A2AF900B697BE /* GoogleService-Info.plist */,
			);
			path = ParkIt;
			sourceTree = "<group>";
		};
		DD631B7D202379520095A1BC /* ParkItTests */ = {
			isa = PBXGroup;
			children = (
				DD631B7E202379520095A1BC /* ParkItTests.swift */,
				DD631B80202379520095A1BC /* Info.plist */,
			);
			path = ParkItTests;
			sourceTree = "<group>";
		};
		DD631B88202379520095A1BC /* ParkItUITests */ = {
			isa = PBXGroup;
			children = (
				DD631B89202379520095A1BC /* ParkItUITests.swift */,
				DD631B8B202379520095A1BC /* Info.plist */,
			);
			path = ParkItUITests;
			sourceTree = "<group>";
		};
/* End PBXGroup section */

/* Begin PBXNativeTarget section */
		DD631B65202379520095A1BC /* ParkIt */ = {
			isa = PBXNativeTarget;
			buildConfigurationList = DD631B8E202379520095A1BC /* Build configuration list for PBXNativeTarget "ParkIt" */;
			buildPhases = (
				DA98A3C4C1B583AC09FFCC93 /* [CP] Check Pods Manifest.lock */,
				DD631B62202379520095A1BC /* Sources */,
				DD631B63202379520095A1BC /* Frameworks */,
				DD631B64202379520095A1BC /* Resources */,
				5F46462608A06BEF8BED7F49 /* [CP] Embed Pods Frameworks */,
				BF006C4C7C6057C1D501C3EE /* [CP] Copy Pods Resources */,
			);
			buildRules = (
			);
			dependencies = (
			);
			name = ParkIt;
			productName = ParkIt;
			productReference = DD631B66202379520095A1BC /* ParkIt.app */;
			productType = "com.apple.product-type.application";
		};
		DD631B79202379520095A1BC /* ParkItTests */ = {
			isa = PBXNativeTarget;
			buildConfigurationList = DD631B91202379520095A1BC /* Build configuration list for PBXNativeTarget "ParkItTests" */;
			buildPhases = (
				8ACE52AB3FCBD87718C5F4A6 /* [CP] Check Pods Manifest.lock */,
				DD631B76202379520095A1BC /* Sources */,
				DD631B77202379520095A1BC /* Frameworks */,
				DD631B78202379520095A1BC /* Resources */,
				0CE22DEBD6114DAB00AB0A4D /* [CP] Embed Pods Frameworks */,
				E2CC6C606F850CE14439F1DF /* [CP] Copy Pods Resources */,
			);
			buildRules = (
			);
			dependencies = (
				DD631B7C202379520095A1BC /* PBXTargetDependency */,
			);
			name = ParkItTests;
			productName = ParkItTests;
			productReference = DD631B7A202379520095A1BC /* ParkItTests.xctest */;
			productType = "com.apple.product-type.bundle.unit-test";
		};
		DD631B84202379520095A1BC /* ParkItUITests */ = {
			isa = PBXNativeTarget;
			buildConfigurationList = DD631B94202379520095A1BC /* Build configuration list for PBXNativeTarget "ParkItUITests" */;
			buildPhases = (
				A5F7F49D0332D23B22611464 /* [CP] Check Pods Manifest.lock */,
				DD631B81202379520095A1BC /* Sources */,
				DD631B82202379520095A1BC /* Frameworks */,
				DD631B83202379520095A1BC /* Resources */,
				2FF4CB062BF530E3FFE34080 /* [CP] Embed Pods Frameworks */,
				95CB0ADF8B680359917E927E /* [CP] Copy Pods Resources */,
			);
			buildRules = (
			);
			dependencies = (
				DD631B87202379520095A1BC /* PBXTargetDependency */,
			);
			name = ParkItUITests;
			productName = ParkItUITests;
			productReference = DD631B85202379520095A1BC /* ParkItUITests.xctest */;
			productType = "com.apple.product-type.bundle.ui-testing";
		};
/* End PBXNativeTarget section */

/* Begin PBXProject section */
		DD631B5E202379520095A1BC /* Project object */ = {
			isa = PBXProject;
			attributes = {
				LastSwiftUpdateCheck = 0920;
				LastUpgradeCheck = 0930;
				ORGANIZATIONNAME = ParkIt;
				TargetAttributes = {
					DD631B65202379520095A1BC = {
						CreatedOnToolsVersion = 9.2;
						ProvisioningStyle = Automatic;
					};
					DD631B79202379520095A1BC = {
						CreatedOnToolsVersion = 9.2;
						ProvisioningStyle = Automatic;
						TestTargetID = DD631B65202379520095A1BC;
					};
					DD631B84202379520095A1BC = {
						CreatedOnToolsVersion = 9.2;
						ProvisioningStyle = Automatic;
						TestTargetID = DD631B65202379520095A1BC;
					};
				};
			};
			buildConfigurationList = DD631B61202379520095A1BC /* Build configuration list for PBXProject "ParkIt" */;
			compatibilityVersion = "Xcode 8.0";
			developmentRegion = en;
			hasScannedForEncodings = 0;
			knownRegions = (
				en,
				Base,
			);
			mainGroup = DD631B5D202379520095A1BC;
			productRefGroup = DD631B67202379520095A1BC /* Products */;
			projectDirPath = "";
			projectRoot = "";
			targets = (
				DD631B65202379520095A1BC /* ParkIt */,
				DD631B79202379520095A1BC /* ParkItTests */,
				DD631B84202379520095A1BC /* ParkItUITests */,
			);
		};
/* End PBXProject section */

/* Begin PBXResourcesBuildPhase section */
		DD631B64202379520095A1BC /* Resources */ = {
			isa = PBXResourcesBuildPhase;
			buildActionMask = 2147483647;
			files = (
				DDC279C62045D0480057304A /* blackiii_thumbnail.jpg in Resources */,
				DDEA9BA82051A96A002FCA6C /* PublicArt.json in Resources */,
				DD631B74202379520095A1BC /* LaunchScreen.storyboard in Resources */,
				DD631B71202379520095A1BC /* Assets.xcassets in Resources */,
				DD631B6F202379520095A1BC /* Main.storyboard in Resources */,
				DD6CC028205A2AF900B697BE /* GoogleService-Info.plist in Resources */,
			);
			runOnlyForDeploymentPostprocessing = 0;
		};
		DD631B78202379520095A1BC /* Resources */ = {
			isa = PBXResourcesBuildPhase;
			buildActionMask = 2147483647;
			files = (
			);
			runOnlyForDeploymentPostprocessing = 0;
		};
		DD631B83202379520095A1BC /* Resources */ = {
			isa = PBXResourcesBuildPhase;
			buildActionMask = 2147483647;
			files = (
			);
			runOnlyForDeploymentPostprocessing = 0;
		};
/* End PBXResourcesBuildPhase section */

/* Begin PBXShellScriptBuildPhase section */
		0CE22DEBD6114DAB00AB0A4D /* [CP] Embed Pods Frameworks */ = {
			isa = PBXShellScriptBuildPhase;
			buildActionMask = 2147483647;
			files = (
			);
			inputPaths = (
			);
			name = "[CP] Embed Pods Frameworks";
			outputPaths = (
			);
			runOnlyForDeploymentPostprocessing = 0;
			shellPath = /bin/sh;
			shellScript = "\"${SRCROOT}/Pods/Target Support Files/Pods-ParkItTests/Pods-ParkItTests-frameworks.sh\"\n";
			showEnvVarsInLog = 0;
		};
		2FF4CB062BF530E3FFE34080 /* [CP] Embed Pods Frameworks */ = {
			isa = PBXShellScriptBuildPhase;
			buildActionMask = 2147483647;
			files = (
			);
			inputPaths = (
			);
			name = "[CP] Embed Pods Frameworks";
			outputPaths = (
			);
			runOnlyForDeploymentPostprocessing = 0;
			shellPath = /bin/sh;
			shellScript = "\"${SRCROOT}/Pods/Target Support Files/Pods-ParkItUITests/Pods-ParkItUITests-frameworks.sh\"\n";
			showEnvVarsInLog = 0;
		};
		5F46462608A06BEF8BED7F49 /* [CP] Embed Pods Frameworks */ = {
			isa = PBXShellScriptBuildPhase;
			buildActionMask = 2147483647;
			files = (
			);
			inputPaths = (
				"${SRCROOT}/Pods/Target Support Files/Pods-ParkIt/Pods-ParkIt-frameworks.sh",
				"${BUILT_PRODUCTS_DIR}/GTMSessionFetcher/GTMSessionFetcher.framework",
				"${BUILT_PRODUCTS_DIR}/GoogleToolboxForMac/GoogleToolboxForMac.framework",
				"${BUILT_PRODUCTS_DIR}/Protobuf/Protobuf.framework",
				"${BUILT_PRODUCTS_DIR}/leveldb-library/leveldb.framework",
				"${BUILT_PRODUCTS_DIR}/nanopb/nanopb.framework",
			);
			name = "[CP] Embed Pods Frameworks";
			outputPaths = (
				"${TARGET_BUILD_DIR}/${FRAMEWORKS_FOLDER_PATH}/GTMSessionFetcher.framework",
				"${TARGET_BUILD_DIR}/${FRAMEWORKS_FOLDER_PATH}/GoogleToolboxForMac.framework",
				"${TARGET_BUILD_DIR}/${FRAMEWORKS_FOLDER_PATH}/Protobuf.framework",
				"${TARGET_BUILD_DIR}/${FRAMEWORKS_FOLDER_PATH}/leveldb.framework",
				"${TARGET_BUILD_DIR}/${FRAMEWORKS_FOLDER_PATH}/nanopb.framework",
			);
			runOnlyForDeploymentPostprocessing = 0;
			shellPath = /bin/sh;
			shellScript = "\"${SRCROOT}/Pods/Target Support Files/Pods-ParkIt/Pods-ParkIt-frameworks.sh\"\n";
			showEnvVarsInLog = 0;
		};
		8ACE52AB3FCBD87718C5F4A6 /* [CP] Check Pods Manifest.lock */ = {
			isa = PBXShellScriptBuildPhase;
			buildActionMask = 2147483647;
			files = (
			);
			inputPaths = (
				"${PODS_PODFILE_DIR_PATH}/Podfile.lock",
				"${PODS_ROOT}/Manifest.lock",
			);
			name = "[CP] Check Pods Manifest.lock";
			outputPaths = (
				"$(DERIVED_FILE_DIR)/Pods-ParkItTests-checkManifestLockResult.txt",
			);
			runOnlyForDeploymentPostprocessing = 0;
			shellPath = /bin/sh;
			shellScript = "diff \"${PODS_PODFILE_DIR_PATH}/Podfile.lock\" \"${PODS_ROOT}/Manifest.lock\" > /dev/null\nif [ $? != 0 ] ; then\n    # print error to STDERR\n    echo \"error: The sandbox is not in sync with the Podfile.lock. Run 'pod install' or update your CocoaPods installation.\" >&2\n    exit 1\nfi\n# This output is used by Xcode 'outputs' to avoid re-running this script phase.\necho \"SUCCESS\" > \"${SCRIPT_OUTPUT_FILE_0}\"\n";
			showEnvVarsInLog = 0;
		};
		95CB0ADF8B680359917E927E /* [CP] Copy Pods Resources */ = {
			isa = PBXShellScriptBuildPhase;
			buildActionMask = 2147483647;
			files = (
			);
			inputPaths = (
			);
			name = "[CP] Copy Pods Resources";
			outputPaths = (
			);
			runOnlyForDeploymentPostprocessing = 0;
			shellPath = /bin/sh;
			shellScript = "\"${SRCROOT}/Pods/Target Support Files/Pods-ParkItUITests/Pods-ParkItUITests-resources.sh\"\n";
			showEnvVarsInLog = 0;
		};
		A5F7F49D0332D23B22611464 /* [CP] Check Pods Manifest.lock */ = {
			isa = PBXShellScriptBuildPhase;
			buildActionMask = 2147483647;
			files = (
			);
			inputPaths = (
				"${PODS_PODFILE_DIR_PATH}/Podfile.lock",
				"${PODS_ROOT}/Manifest.lock",
			);
			name = "[CP] Check Pods Manifest.lock";
			outputPaths = (
				"$(DERIVED_FILE_DIR)/Pods-ParkItUITests-checkManifestLockResult.txt",
			);
			runOnlyForDeploymentPostprocessing = 0;
			shellPath = /bin/sh;
			shellScript = "diff \"${PODS_PODFILE_DIR_PATH}/Podfile.lock\" \"${PODS_ROOT}/Manifest.lock\" > /dev/null\nif [ $? != 0 ] ; then\n    # print error to STDERR\n    echo \"error: The sandbox is not in sync with the Podfile.lock. Run 'pod install' or update your CocoaPods installation.\" >&2\n    exit 1\nfi\n# This output is used by Xcode 'outputs' to avoid re-running this script phase.\necho \"SUCCESS\" > \"${SCRIPT_OUTPUT_FILE_0}\"\n";
			showEnvVarsInLog = 0;
		};
		BF006C4C7C6057C1D501C3EE /* [CP] Copy Pods Resources */ = {
			isa = PBXShellScriptBuildPhase;
			buildActionMask = 2147483647;
			files = (
			);
			inputPaths = (
			);
			name = "[CP] Copy Pods Resources";
			outputPaths = (
			);
			runOnlyForDeploymentPostprocessing = 0;
			shellPath = /bin/sh;
			shellScript = "\"${SRCROOT}/Pods/Target Support Files/Pods-ParkIt/Pods-ParkIt-resources.sh\"\n";
			showEnvVarsInLog = 0;
		};
		DA98A3C4C1B583AC09FFCC93 /* [CP] Check Pods Manifest.lock */ = {
			isa = PBXShellScriptBuildPhase;
			buildActionMask = 2147483647;
			files = (
			);
			inputPaths = (
				"${PODS_PODFILE_DIR_PATH}/Podfile.lock",
				"${PODS_ROOT}/Manifest.lock",
			);
			name = "[CP] Check Pods Manifest.lock";
			outputPaths = (
				"$(DERIVED_FILE_DIR)/Pods-ParkIt-checkManifestLockResult.txt",
			);
			runOnlyForDeploymentPostprocessing = 0;
			shellPath = /bin/sh;
			shellScript = "diff \"${PODS_PODFILE_DIR_PATH}/Podfile.lock\" \"${PODS_ROOT}/Manifest.lock\" > /dev/null\nif [ $? != 0 ] ; then\n    # print error to STDERR\n    echo \"error: The sandbox is not in sync with the Podfile.lock. Run 'pod install' or update your CocoaPods installation.\" >&2\n    exit 1\nfi\n# This output is used by Xcode 'outputs' to avoid re-running this script phase.\necho \"SUCCESS\" > \"${SCRIPT_OUTPUT_FILE_0}\"\n";
			showEnvVarsInLog = 0;
		};
		E2CC6C606F850CE14439F1DF /* [CP] Copy Pods Resources */ = {
			isa = PBXShellScriptBuildPhase;
			buildActionMask = 2147483647;
			files = (
			);
			inputPaths = (
			);
			name = "[CP] Copy Pods Resources";
			outputPaths = (
			);
			runOnlyForDeploymentPostprocessing = 0;
			shellPath = /bin/sh;
			shellScript = "\"${SRCROOT}/Pods/Target Support Files/Pods-ParkItTests/Pods-ParkItTests-resources.sh\"\n";
			showEnvVarsInLog = 0;
		};
/* End PBXShellScriptBuildPhase section */

/* Begin PBXSourcesBuildPhase section */
		DD631B62202379520095A1BC /* Sources */ = {
			isa = PBXSourcesBuildPhase;
			buildActionMask = 2147483647;
			files = (
				DDEA9B9B2051A6E0002FCA6C /* ParkingSpot.swift in Sources */,
				F69FF1F2208CFDBB006F03EA /* LocationSearchTable.swift in Sources */,
				DDEA9B9D2051A6E7002FCA6C /* ParkingSpotMarkerView.swift in Sources */,
				C338EA3C2055C8D70031F487 /* BuySpotViewController.swift in Sources */,
				DD2B3AE72033B7300012CE0D /* LoginViewController.swift in Sources */,
				DD631B6A202379520095A1BC /* AppDelegate.swift in Sources */,
				F618E79B2085A33300F5692E /* ViewSpotViewController.swift in Sources */,
				DDEA9BA62051A747002FCA6C /* ViewController.swift in Sources */,
				DDEA9BA42051A73B002FCA6C /* MapViewController.swift in Sources */,
				DD5B01AA206E9EBB00CB7653 /* AccountViewController.swift in Sources */,
			);
			runOnlyForDeploymentPostprocessing = 0;
		};
		DD631B76202379520095A1BC /* Sources */ = {
			isa = PBXSourcesBuildPhase;
			buildActionMask = 2147483647;
			files = (
				DD631B7F202379520095A1BC /* ParkItTests.swift in Sources */,
			);
			runOnlyForDeploymentPostprocessing = 0;
		};
		DD631B81202379520095A1BC /* Sources */ = {
			isa = PBXSourcesBuildPhase;
			buildActionMask = 2147483647;
			files = (
				DD631B8A202379520095A1BC /* ParkItUITests.swift in Sources */,
			);
			runOnlyForDeploymentPostprocessing = 0;
		};
/* End PBXSourcesBuildPhase section */

/* Begin PBXTargetDependency section */
		DD631B7C202379520095A1BC /* PBXTargetDependency */ = {
			isa = PBXTargetDependency;
			target = DD631B65202379520095A1BC /* ParkIt */;
			targetProxy = DD631B7B202379520095A1BC /* PBXContainerItemProxy */;
		};
		DD631B87202379520095A1BC /* PBXTargetDependency */ = {
			isa = PBXTargetDependency;
			target = DD631B65202379520095A1BC /* ParkIt */;
			targetProxy = DD631B86202379520095A1BC /* PBXContainerItemProxy */;
		};
/* End PBXTargetDependency section */

/* Begin PBXVariantGroup section */
		DD631B6D202379520095A1BC /* Main.storyboard */ = {
			isa = PBXVariantGroup;
			children = (
				DD631B6E202379520095A1BC /* Base */,
			);
			name = Main.storyboard;
			sourceTree = "<group>";
		};
		DD631B72202379520095A1BC /* LaunchScreen.storyboard */ = {
			isa = PBXVariantGroup;
			children = (
				DD631B73202379520095A1BC /* Base */,
			);
			name = LaunchScreen.storyboard;
			sourceTree = "<group>";
		};
/* End PBXVariantGroup section */

/* Begin XCBuildConfiguration section */
		DD631B8C202379520095A1BC /* Debug */ = {
			isa = XCBuildConfiguration;
			buildSettings = {
				ALWAYS_SEARCH_USER_PATHS = NO;
				CLANG_ANALYZER_NONNULL = YES;
				CLANG_ANALYZER_NUMBER_OBJECT_CONVERSION = YES_AGGRESSIVE;
				CLANG_CXX_LANGUAGE_STANDARD = "gnu++14";
				CLANG_CXX_LIBRARY = "libc++";
				CLANG_ENABLE_MODULES = YES;
				CLANG_ENABLE_OBJC_ARC = YES;
				CLANG_WARN_BLOCK_CAPTURE_AUTORELEASING = YES;
				CLANG_WARN_BOOL_CONVERSION = YES;
				CLANG_WARN_COMMA = YES;
				CLANG_WARN_CONSTANT_CONVERSION = YES;
				CLANG_WARN_DEPRECATED_OBJC_IMPLEMENTATIONS = YES;
				CLANG_WARN_DIRECT_OBJC_ISA_USAGE = YES_ERROR;
				CLANG_WARN_DOCUMENTATION_COMMENTS = YES;
				CLANG_WARN_EMPTY_BODY = YES;
				CLANG_WARN_ENUM_CONVERSION = YES;
				CLANG_WARN_INFINITE_RECURSION = YES;
				CLANG_WARN_INT_CONVERSION = YES;
				CLANG_WARN_NON_LITERAL_NULL_CONVERSION = YES;
				CLANG_WARN_OBJC_IMPLICIT_RETAIN_SELF = YES;
				CLANG_WARN_OBJC_LITERAL_CONVERSION = YES;
				CLANG_WARN_OBJC_ROOT_CLASS = YES_ERROR;
				CLANG_WARN_RANGE_LOOP_ANALYSIS = YES;
				CLANG_WARN_STRICT_PROTOTYPES = YES;
				CLANG_WARN_SUSPICIOUS_MOVE = YES;
				CLANG_WARN_UNGUARDED_AVAILABILITY = YES_AGGRESSIVE;
				CLANG_WARN_UNREACHABLE_CODE = YES;
				CLANG_WARN__DUPLICATE_METHOD_MATCH = YES;
				CODE_SIGN_IDENTITY = "iPhone Developer";
				COPY_PHASE_STRIP = NO;
				DEBUG_INFORMATION_FORMAT = dwarf;
				ENABLE_STRICT_OBJC_MSGSEND = YES;
				ENABLE_TESTABILITY = YES;
				GCC_C_LANGUAGE_STANDARD = gnu11;
				GCC_DYNAMIC_NO_PIC = NO;
				GCC_NO_COMMON_BLOCKS = YES;
				GCC_OPTIMIZATION_LEVEL = 0;
				GCC_PREPROCESSOR_DEFINITIONS = (
					"DEBUG=1",
					"$(inherited)",
				);
				GCC_WARN_64_TO_32_BIT_CONVERSION = YES;
				GCC_WARN_ABOUT_RETURN_TYPE = YES_ERROR;
				GCC_WARN_UNDECLARED_SELECTOR = YES;
				GCC_WARN_UNINITIALIZED_AUTOS = YES_AGGRESSIVE;
				GCC_WARN_UNUSED_FUNCTION = YES;
				GCC_WARN_UNUSED_VARIABLE = YES;
				IPHONEOS_DEPLOYMENT_TARGET = 11.2;
				MTL_ENABLE_DEBUG_INFO = YES;
				ONLY_ACTIVE_ARCH = YES;
				SDKROOT = iphoneos;
				SWIFT_ACTIVE_COMPILATION_CONDITIONS = DEBUG;
				SWIFT_OPTIMIZATION_LEVEL = "-Onone";
			};
			name = Debug;
		};
		DD631B8D202379520095A1BC /* Release */ = {
			isa = XCBuildConfiguration;
			buildSettings = {
				ALWAYS_SEARCH_USER_PATHS = NO;
				CLANG_ANALYZER_NONNULL = YES;
				CLANG_ANALYZER_NUMBER_OBJECT_CONVERSION = YES_AGGRESSIVE;
				CLANG_CXX_LANGUAGE_STANDARD = "gnu++14";
				CLANG_CXX_LIBRARY = "libc++";
				CLANG_ENABLE_MODULES = YES;
				CLANG_ENABLE_OBJC_ARC = YES;
				CLANG_WARN_BLOCK_CAPTURE_AUTORELEASING = YES;
				CLANG_WARN_BOOL_CONVERSION = YES;
				CLANG_WARN_COMMA = YES;
				CLANG_WARN_CONSTANT_CONVERSION = YES;
				CLANG_WARN_DEPRECATED_OBJC_IMPLEMENTATIONS = YES;
				CLANG_WARN_DIRECT_OBJC_ISA_USAGE = YES_ERROR;
				CLANG_WARN_DOCUMENTATION_COMMENTS = YES;
				CLANG_WARN_EMPTY_BODY = YES;
				CLANG_WARN_ENUM_CONVERSION = YES;
				CLANG_WARN_INFINITE_RECURSION = YES;
				CLANG_WARN_INT_CONVERSION = YES;
				CLANG_WARN_NON_LITERAL_NULL_CONVERSION = YES;
				CLANG_WARN_OBJC_IMPLICIT_RETAIN_SELF = YES;
				CLANG_WARN_OBJC_LITERAL_CONVERSION = YES;
				CLANG_WARN_OBJC_ROOT_CLASS = YES_ERROR;
				CLANG_WARN_RANGE_LOOP_ANALYSIS = YES;
				CLANG_WARN_STRICT_PROTOTYPES = YES;
				CLANG_WARN_SUSPICIOUS_MOVE = YES;
				CLANG_WARN_UNGUARDED_AVAILABILITY = YES_AGGRESSIVE;
				CLANG_WARN_UNREACHABLE_CODE = YES;
				CLANG_WARN__DUPLICATE_METHOD_MATCH = YES;
				CODE_SIGN_IDENTITY = "iPhone Developer";
				COPY_PHASE_STRIP = NO;
				DEBUG_INFORMATION_FORMAT = "dwarf-with-dsym";
				ENABLE_NS_ASSERTIONS = NO;
				ENABLE_STRICT_OBJC_MSGSEND = YES;
				GCC_C_LANGUAGE_STANDARD = gnu11;
				GCC_NO_COMMON_BLOCKS = YES;
				GCC_WARN_64_TO_32_BIT_CONVERSION = YES;
				GCC_WARN_ABOUT_RETURN_TYPE = YES_ERROR;
				GCC_WARN_UNDECLARED_SELECTOR = YES;
				GCC_WARN_UNINITIALIZED_AUTOS = YES_AGGRESSIVE;
				GCC_WARN_UNUSED_FUNCTION = YES;
				GCC_WARN_UNUSED_VARIABLE = YES;
				IPHONEOS_DEPLOYMENT_TARGET = 11.2;
				MTL_ENABLE_DEBUG_INFO = NO;
				SDKROOT = iphoneos;
				SWIFT_OPTIMIZATION_LEVEL = "-Owholemodule";
				VALIDATE_PRODUCT = YES;
			};
			name = Release;
		};
		DD631B8F202379520095A1BC /* Debug */ = {
			isa = XCBuildConfiguration;
			baseConfigurationReference = 115C62E410A9ED0B65EF56AE /* Pods-ParkIt.debug.xcconfig */;
			buildSettings = {
				ASSETCATALOG_COMPILER_APPICON_NAME = AppIcon;
				CODE_SIGN_STYLE = Automatic;
				DEVELOPMENT_TEAM = 75M525RTAZ;
				INFOPLIST_FILE = ParkIt/Info.plist;
				LD_RUNPATH_SEARCH_PATHS = "$(inherited) @executable_path/Frameworks";
				PRODUCT_BUNDLE_IDENTIFIER = ParkIt.ParkIt;
				PRODUCT_NAME = "$(TARGET_NAME)";
				SWIFT_VERSION = 4.0;
				TARGETED_DEVICE_FAMILY = "1,2";
			};
			name = Debug;
		};
		DD631B90202379520095A1BC /* Release */ = {
			isa = XCBuildConfiguration;
			baseConfigurationReference = D360818B6817DD20CA5DFABF /* Pods-ParkIt.release.xcconfig */;
			buildSettings = {
				ASSETCATALOG_COMPILER_APPICON_NAME = AppIcon;
				CODE_SIGN_STYLE = Automatic;
				DEVELOPMENT_TEAM = 75M525RTAZ;
				INFOPLIST_FILE = ParkIt/Info.plist;
				LD_RUNPATH_SEARCH_PATHS = "$(inherited) @executable_path/Frameworks";
				PRODUCT_BUNDLE_IDENTIFIER = ParkIt.ParkIt;
				PRODUCT_NAME = "$(TARGET_NAME)";
				SWIFT_VERSION = 4.0;
				TARGETED_DEVICE_FAMILY = "1,2";
			};
			name = Release;
		};
		DD631B92202379520095A1BC /* Debug */ = {
			isa = XCBuildConfiguration;
			baseConfigurationReference = 304C1B4DB721757C00DCE9A5 /* Pods-ParkItTests.debug.xcconfig */;
			buildSettings = {
				ALWAYS_EMBED_SWIFT_STANDARD_LIBRARIES = YES;
				BUNDLE_LOADER = "$(TEST_HOST)";
				CODE_SIGN_STYLE = Automatic;
				INFOPLIST_FILE = ParkItTests/Info.plist;
				LD_RUNPATH_SEARCH_PATHS = "$(inherited) @executable_path/Frameworks @loader_path/Frameworks";
				PRODUCT_BUNDLE_IDENTIFIER = ParkIt.ParkItTests;
				PRODUCT_NAME = "$(TARGET_NAME)";
				SWIFT_VERSION = 4.0;
				TARGETED_DEVICE_FAMILY = "1,2";
				TEST_HOST = "$(BUILT_PRODUCTS_DIR)/ParkIt.app/ParkIt";
			};
			name = Debug;
		};
		DD631B93202379520095A1BC /* Release */ = {
			isa = XCBuildConfiguration;
			baseConfigurationReference = F78A5730D9AEEFA4DA3813AF /* Pods-ParkItTests.release.xcconfig */;
			buildSettings = {
				ALWAYS_EMBED_SWIFT_STANDARD_LIBRARIES = YES;
				BUNDLE_LOADER = "$(TEST_HOST)";
				CODE_SIGN_STYLE = Automatic;
				INFOPLIST_FILE = ParkItTests/Info.plist;
				LD_RUNPATH_SEARCH_PATHS = "$(inherited) @executable_path/Frameworks @loader_path/Frameworks";
				PRODUCT_BUNDLE_IDENTIFIER = ParkIt.ParkItTests;
				PRODUCT_NAME = "$(TARGET_NAME)";
				SWIFT_VERSION = 4.0;
				TARGETED_DEVICE_FAMILY = "1,2";
				TEST_HOST = "$(BUILT_PRODUCTS_DIR)/ParkIt.app/ParkIt";
			};
			name = Release;
		};
		DD631B95202379520095A1BC /* Debug */ = {
			isa = XCBuildConfiguration;
			baseConfigurationReference = 755633ED5D4BADDC832FB6FC /* Pods-ParkItUITests.debug.xcconfig */;
			buildSettings = {
				ALWAYS_EMBED_SWIFT_STANDARD_LIBRARIES = YES;
				CODE_SIGN_STYLE = Automatic;
				INFOPLIST_FILE = ParkItUITests/Info.plist;
				LD_RUNPATH_SEARCH_PATHS = "$(inherited) @executable_path/Frameworks @loader_path/Frameworks";
				PRODUCT_BUNDLE_IDENTIFIER = ParkIt.ParkItUITests;
				PRODUCT_NAME = "$(TARGET_NAME)";
				SWIFT_VERSION = 4.0;
				TARGETED_DEVICE_FAMILY = "1,2";
				TEST_TARGET_NAME = ParkIt;
			};
			name = Debug;
		};
		DD631B96202379520095A1BC /* Release */ = {
			isa = XCBuildConfiguration;
			baseConfigurationReference = 77F0CF2EDDF923B1D8A75BDA /* Pods-ParkItUITests.release.xcconfig */;
			buildSettings = {
				ALWAYS_EMBED_SWIFT_STANDARD_LIBRARIES = YES;
				CODE_SIGN_STYLE = Automatic;
				INFOPLIST_FILE = ParkItUITests/Info.plist;
				LD_RUNPATH_SEARCH_PATHS = "$(inherited) @executable_path/Frameworks @loader_path/Frameworks";
				PRODUCT_BUNDLE_IDENTIFIER = ParkIt.ParkItUITests;
				PRODUCT_NAME = "$(TARGET_NAME)";
				SWIFT_VERSION = 4.0;
				TARGETED_DEVICE_FAMILY = "1,2";
				TEST_TARGET_NAME = ParkIt;
			};
			name = Release;
		};
/* End XCBuildConfiguration section */

/* Begin XCConfigurationList section */
		DD631B61202379520095A1BC /* Build configuration list for PBXProject "ParkIt" */ = {
			isa = XCConfigurationList;
			buildConfigurations = (
				DD631B8C202379520095A1BC /* Debug */,
				DD631B8D202379520095A1BC /* Release */,
			);
			defaultConfigurationIsVisible = 0;
			defaultConfigurationName = Release;
		};
		DD631B8E202379520095A1BC /* Build configuration list for PBXNativeTarget "ParkIt" */ = {
			isa = XCConfigurationList;
			buildConfigurations = (
				DD631B8F202379520095A1BC /* Debug */,
				DD631B90202379520095A1BC /* Release */,
			);
			defaultConfigurationIsVisible = 0;
			defaultConfigurationName = Release;
		};
		DD631B91202379520095A1BC /* Build configuration list for PBXNativeTarget "ParkItTests" */ = {
			isa = XCConfigurationList;
			buildConfigurations = (
				DD631B92202379520095A1BC /* Debug */,
				DD631B93202379520095A1BC /* Release */,
			);
			defaultConfigurationIsVisible = 0;
			defaultConfigurationName = Release;
		};
		DD631B94202379520095A1BC /* Build configuration list for PBXNativeTarget "ParkItUITests" */ = {
			isa = XCConfigurationList;
			buildConfigurations = (
				DD631B95202379520095A1BC /* Debug */,
				DD631B96202379520095A1BC /* Release */,
			);
			defaultConfigurationIsVisible = 0;
			defaultConfigurationName = Release;
		};
/* End XCConfigurationList section */
	};
	rootObject = DD631B5E202379520095A1BC /* Project object */;
}
