// !$*UTF8*$!
{
	archiveVersion = 1;
	classes = {
	};
	objectVersion = 48;
	objects = {

/* Begin PBXBuildFile section */
		F62447D62024D6F900DB9593 /* AppDelegate.swift in Sources */ = {isa = PBXBuildFile; fileRef = F62447D52024D6F900DB9593 /* AppDelegate.swift */; };
		F62447D82024D6F900DB9593 /* ViewController.swift in Sources */ = {isa = PBXBuildFile; fileRef = F62447D72024D6F900DB9593 /* ViewController.swift */; };
		F62447DB2024D6F900DB9593 /* Main.storyboard in Resources */ = {isa = PBXBuildFile; fileRef = F62447D92024D6F900DB9593 /* Main.storyboard */; };
		F62447DD2024D6F900DB9593 /* Assets.xcassets in Resources */ = {isa = PBXBuildFile; fileRef = F62447DC2024D6F900DB9593 /* Assets.xcassets */; };
		F62447E02024D6F900DB9593 /* LaunchScreen.storyboard in Resources */ = {isa = PBXBuildFile; fileRef = F62447DE2024D6F900DB9593 /* LaunchScreen.storyboard */; };
		F62447EB2024D6FA00DB9593 /* FoodTrackerTests.swift in Sources */ = {isa = PBXBuildFile; fileRef = F62447EA2024D6FA00DB9593 /* FoodTrackerTests.swift */; };
		F62447F62024D6FA00DB9593 /* FoodTrackerUITests.swift in Sources */ = {isa = PBXBuildFile; fileRef = F62447F52024D6FA00DB9593 /* FoodTrackerUITests.swift */; };
/* End PBXBuildFile section */

/* Begin PBXContainerItemProxy section */
		F62447E72024D6FA00DB9593 /* PBXContainerItemProxy */ = {
			isa = PBXContainerItemProxy;
			containerPortal = F62447CA2024D6F900DB9593 /* Project object */;
			proxyType = 1;
			remoteGlobalIDString = F62447D12024D6F900DB9593;
			remoteInfo = FoodTracker;
		};
		F62447F22024D6FA00DB9593 /* PBXContainerItemProxy */ = {
			isa = PBXContainerItemProxy;
			containerPortal = F62447CA2024D6F900DB9593 /* Project object */;
			proxyType = 1;
			remoteGlobalIDString = F62447D12024D6F900DB9593;
			remoteInfo = FoodTracker;
		};
/* End PBXContainerItemProxy section */

/* Begin PBXFileReference section */
		F62447D22024D6F900DB9593 /* FoodTracker.app */ = {isa = PBXFileReference; explicitFileType = wrapper.application; includeInIndex = 0; path = FoodTracker.app; sourceTree = BUILT_PRODUCTS_DIR; };
		F62447D52024D6F900DB9593 /* AppDelegate.swift */ = {isa = PBXFileReference; lastKnownFileType = sourcecode.swift; path = AppDelegate.swift; sourceTree = "<group>"; };
		F62447D72024D6F900DB9593 /* ViewController.swift */ = {isa = PBXFileReference; lastKnownFileType = sourcecode.swift; path = ViewController.swift; sourceTree = "<group>"; };
		F62447DA2024D6F900DB9593 /* Base */ = {isa = PBXFileReference; lastKnownFileType = file.storyboard; name = Base; path = Base.lproj/Main.storyboard; sourceTree = "<group>"; };
		F62447DC2024D6F900DB9593 /* Assets.xcassets */ = {isa = PBXFileReference; lastKnownFileType = folder.assetcatalog; path = Assets.xcassets; sourceTree = "<group>"; };
		F62447DF2024D6F900DB9593 /* Base */ = {isa = PBXFileReference; lastKnownFileType = file.storyboard; name = Base; path = Base.lproj/LaunchScreen.storyboard; sourceTree = "<group>"; };
		F62447E12024D6F900DB9593 /* Info.plist */ = {isa = PBXFileReference; lastKnownFileType = text.plist.xml; path = Info.plist; sourceTree = "<group>"; };
		F62447E62024D6FA00DB9593 /* FoodTrackerTests.xctest */ = {isa = PBXFileReference; explicitFileType = wrapper.cfbundle; includeInIndex = 0; path = FoodTrackerTests.xctest; sourceTree = BUILT_PRODUCTS_DIR; };
		F62447EA2024D6FA00DB9593 /* FoodTrackerTests.swift */ = {isa = PBXFileReference; lastKnownFileType = sourcecode.swift; path = FoodTrackerTests.swift; sourceTree = "<group>"; };
		F62447EC2024D6FA00DB9593 /* Info.plist */ = {isa = PBXFileReference; lastKnownFileType = text.plist.xml; path = Info.plist; sourceTree = "<group>"; };
		F62447F12024D6FA00DB9593 /* FoodTrackerUITests.xctest */ = {isa = PBXFileReference; explicitFileType = wrapper.cfbundle; includeInIndex = 0; path = FoodTrackerUITests.xctest; sourceTree = BUILT_PRODUCTS_DIR; };
		F62447F52024D6FA00DB9593 /* FoodTrackerUITests.swift */ = {isa = PBXFileReference; lastKnownFileType = sourcecode.swift; path = FoodTrackerUITests.swift; sourceTree = "<group>"; };
		F62447F72024D6FA00DB9593 /* Info.plist */ = {isa = PBXFileReference; lastKnownFileType = text.plist.xml; path = Info.plist; sourceTree = "<group>"; };
/* End PBXFileReference section */

/* Begin PBXFrameworksBuildPhase section */
		F62447CF2024D6F900DB9593 /* Frameworks */ = {
			isa = PBXFrameworksBuildPhase;
			buildActionMask = 2147483647;
			files = (
			);
			runOnlyForDeploymentPostprocessing = 0;
		};
		F62447E32024D6FA00DB9593 /* Frameworks */ = {
			isa = PBXFrameworksBuildPhase;
			buildActionMask = 2147483647;
			files = (
			);
			runOnlyForDeploymentPostprocessing = 0;
		};
		F62447EE2024D6FA00DB9593 /* Frameworks */ = {
			isa = PBXFrameworksBuildPhase;
			buildActionMask = 2147483647;
			files = (
			);
			runOnlyForDeploymentPostprocessing = 0;
		};
/* End PBXFrameworksBuildPhase section */

/* Begin PBXGroup section */
		F62447C92024D6F900DB9593 = {
			isa = PBXGroup;
			children = (
				F62447D42024D6F900DB9593 /* FoodTracker */,
				F62447E92024D6FA00DB9593 /* FoodTrackerTests */,
				F62447F42024D6FA00DB9593 /* FoodTrackerUITests */,
				F62447D32024D6F900DB9593 /* Products */,
			);
			sourceTree = "<group>";
		};
		F62447D32024D6F900DB9593 /* Products */ = {
			isa = PBXGroup;
			children = (
				F62447D22024D6F900DB9593 /* FoodTracker.app */,
				F62447E62024D6FA00DB9593 /* FoodTrackerTests.xctest */,
				F62447F12024D6FA00DB9593 /* FoodTrackerUITests.xctest */,
			);
			name = Products;
			sourceTree = "<group>";
		};
		F62447D42024D6F900DB9593 /* FoodTracker */ = {
			isa = PBXGroup;
			children = (
				F62447D52024D6F900DB9593 /* AppDelegate.swift */,
				F62447D72024D6F900DB9593 /* ViewController.swift */,
				F62447D92024D6F900DB9593 /* Main.storyboard */,
				F62447DC2024D6F900DB9593 /* Assets.xcassets */,
				F62447DE2024D6F900DB9593 /* LaunchScreen.storyboard */,
				F62447E12024D6F900DB9593 /* Info.plist */,
			);
			path = FoodTracker;
			sourceTree = "<group>";
		};
		F62447E92024D6FA00DB9593 /* FoodTrackerTests */ = {
			isa = PBXGroup;
			children = (
				F62447EA2024D6FA00DB9593 /* FoodTrackerTests.swift */,
				F62447EC2024D6FA00DB9593 /* Info.plist */,
			);
			path = FoodTrackerTests;
			sourceTree = "<group>";
		};
		F62447F42024D6FA00DB9593 /* FoodTrackerUITests */ = {
			isa = PBXGroup;
			children = (
				F62447F52024D6FA00DB9593 /* FoodTrackerUITests.swift */,
				F62447F72024D6FA00DB9593 /* Info.plist */,
			);
			path = FoodTrackerUITests;
			sourceTree = "<group>";
		};
/* End PBXGroup section */

/* Begin PBXNativeTarget section */
		F62447D12024D6F900DB9593 /* FoodTracker */ = {
			isa = PBXNativeTarget;
			buildConfigurationList = F62447FA2024D6FA00DB9593 /* Build configuration list for PBXNativeTarget "FoodTracker" */;
			buildPhases = (
				F62447CE2024D6F900DB9593 /* Sources */,
				F62447CF2024D6F900DB9593 /* Frameworks */,
				F62447D02024D6F900DB9593 /* Resources */,
			);
			buildRules = (
			);
			dependencies = (
			);
			name = FoodTracker;
			productName = FoodTracker;
			productReference = F62447D22024D6F900DB9593 /* FoodTracker.app */;
			productType = "com.apple.product-type.application";
		};
		F62447E52024D6FA00DB9593 /* FoodTrackerTests */ = {
			isa = PBXNativeTarget;
			buildConfigurationList = F62447FD2024D6FA00DB9593 /* Build configuration list for PBXNativeTarget "FoodTrackerTests" */;
			buildPhases = (
				F62447E22024D6FA00DB9593 /* Sources */,
				F62447E32024D6FA00DB9593 /* Frameworks */,
				F62447E42024D6FA00DB9593 /* Resources */,
			);
			buildRules = (
			);
			dependencies = (
				F62447E82024D6FA00DB9593 /* PBXTargetDependency */,
			);
			name = FoodTrackerTests;
			productName = FoodTrackerTests;
			productReference = F62447E62024D6FA00DB9593 /* FoodTrackerTests.xctest */;
			productType = "com.apple.product-type.bundle.unit-test";
		};
		F62447F02024D6FA00DB9593 /* FoodTrackerUITests */ = {
			isa = PBXNativeTarget;
			buildConfigurationList = F62448002024D6FA00DB9593 /* Build configuration list for PBXNativeTarget "FoodTrackerUITests" */;
			buildPhases = (
				F62447ED2024D6FA00DB9593 /* Sources */,
				F62447EE2024D6FA00DB9593 /* Frameworks */,
				F62447EF2024D6FA00DB9593 /* Resources */,
			);
			buildRules = (
			);
			dependencies = (
				F62447F32024D6FA00DB9593 /* PBXTargetDependency */,
			);
			name = FoodTrackerUITests;
			productName = FoodTrackerUITests;
			productReference = F62447F12024D6FA00DB9593 /* FoodTrackerUITests.xctest */;
			productType = "com.apple.product-type.bundle.ui-testing";
		};
/* End PBXNativeTarget section */

/* Begin PBXProject section */
		F62447CA2024D6F900DB9593 /* Project object */ = {
			isa = PBXProject;
			attributes = {
				LastSwiftUpdateCheck = 0920;
				LastUpgradeCheck = 0920;
				ORGANIZATIONNAME = "Will Frohlich";
				TargetAttributes = {
					F62447D12024D6F900DB9593 = {
						CreatedOnToolsVersion = 9.2;
						ProvisioningStyle = Automatic;
					};
					F62447E52024D6FA00DB9593 = {
						CreatedOnToolsVersion = 9.2;
						ProvisioningStyle = Automatic;
						TestTargetID = F62447D12024D6F900DB9593;
					};
					F62447F02024D6FA00DB9593 = {
						CreatedOnToolsVersion = 9.2;
						ProvisioningStyle = Automatic;
						TestTargetID = F62447D12024D6F900DB9593;
					};
				};
			};
			buildConfigurationList = F62447CD2024D6F900DB9593 /* Build configuration list for PBXProject "FoodTracker" */;
			compatibilityVersion = "Xcode 8.0";
			developmentRegion = en;
			hasScannedForEncodings = 0;
			knownRegions = (
				en,
				Base,
			);
			mainGroup = F62447C92024D6F900DB9593;
			productRefGroup = F62447D32024D6F900DB9593 /* Products */;
			projectDirPath = "";
			projectRoot = "";
			targets = (
				F62447D12024D6F900DB9593 /* FoodTracker */,
				F62447E52024D6FA00DB9593 /* FoodTrackerTests */,
				F62447F02024D6FA00DB9593 /* FoodTrackerUITests */,
			);
		};
/* End PBXProject section */

/* Begin PBXResourcesBuildPhase section */
		F62447D02024D6F900DB9593 /* Resources */ = {
			isa = PBXResourcesBuildPhase;
			buildActionMask = 2147483647;
			files = (
				F62447E02024D6F900DB9593 /* LaunchScreen.storyboard in Resources */,
				F62447DD2024D6F900DB9593 /* Assets.xcassets in Resources */,
				F62447DB2024D6F900DB9593 /* Main.storyboard in Resources */,
			);
			runOnlyForDeploymentPostprocessing = 0;
		};
		F62447E42024D6FA00DB9593 /* Resources */ = {
			isa = PBXResourcesBuildPhase;
			buildActionMask = 2147483647;
			files = (
			);
			runOnlyForDeploymentPostprocessing = 0;
		};
		F62447EF2024D6FA00DB9593 /* Resources */ = {
			isa = PBXResourcesBuildPhase;
			buildActionMask = 2147483647;
			files = (
			);
			runOnlyForDeploymentPostprocessing = 0;
		};
/* End PBXResourcesBuildPhase section */

/* Begin PBXSourcesBuildPhase section */
		F62447CE2024D6F900DB9593 /* Sources */ = {
			isa = PBXSourcesBuildPhase;
			buildActionMask = 2147483647;
			files = (
				F62447D82024D6F900DB9593 /* ViewController.swift in Sources */,
				F62447D62024D6F900DB9593 /* AppDelegate.swift in Sources */,
			);
			runOnlyForDeploymentPostprocessing = 0;
		};
		F62447E22024D6FA00DB9593 /* Sources */ = {
			isa = PBXSourcesBuildPhase;
			buildActionMask = 2147483647;
			files = (
				F62447EB2024D6FA00DB9593 /* FoodTrackerTests.swift in Sources */,
			);
			runOnlyForDeploymentPostprocessing = 0;
		};
		F62447ED2024D6FA00DB9593 /* Sources */ = {
			isa = PBXSourcesBuildPhase;
			buildActionMask = 2147483647;
			files = (
				F62447F62024D6FA00DB9593 /* FoodTrackerUITests.swift in Sources */,
			);
			runOnlyForDeploymentPostprocessing = 0;
		};
/* End PBXSourcesBuildPhase section */

/* Begin PBXTargetDependency section */
		F62447E82024D6FA00DB9593 /* PBXTargetDependency */ = {
			isa = PBXTargetDependency;
			target = F62447D12024D6F900DB9593 /* FoodTracker */;
			targetProxy = F62447E72024D6FA00DB9593 /* PBXContainerItemProxy */;
		};
		F62447F32024D6FA00DB9593 /* PBXTargetDependency */ = {
			isa = PBXTargetDependency;
			target = F62447D12024D6F900DB9593 /* FoodTracker */;
			targetProxy = F62447F22024D6FA00DB9593 /* PBXContainerItemProxy */;
		};
/* End PBXTargetDependency section */

/* Begin PBXVariantGroup section */
		F62447D92024D6F900DB9593 /* Main.storyboard */ = {
			isa = PBXVariantGroup;
			children = (
				F62447DA2024D6F900DB9593 /* Base */,
			);
			name = Main.storyboard;
			sourceTree = "<group>";
		};
		F62447DE2024D6F900DB9593 /* LaunchScreen.storyboard */ = {
			isa = PBXVariantGroup;
			children = (
				F62447DF2024D6F900DB9593 /* Base */,
			);
			name = LaunchScreen.storyboard;
			sourceTree = "<group>";
		};
/* End PBXVariantGroup section */

/* Begin XCBuildConfiguration section */
		F62447F82024D6FA00DB9593 /* Debug */ = {
			isa = XCBuildConfiguration;
			buildSettings = {
				ALWAYS_SEARCH_USER_PATHS = NO;
				CLANG_ANALYZER_NONNULL = YES;
				CLANG_ANALYZER_NUMBER_OBJECT_CONVERSION = YES_AGGRESSIVE;
				CLANG_CXX_LANGUAGE_STANDARD = "gnu++14";
				CLANG_CXX_LIBRARY = "libc++";
				CLANG_ENABLE_MODULES = YES;
				CLANG_ENABLE_OBJC_ARC = YES;
				CLANG_WARN_BLOCK_CAPTURE_AUTORELEASING = YES;
				CLANG_WARN_BOOL_CONVERSION = YES;
				CLANG_WARN_COMMA = YES;
				CLANG_WARN_CONSTANT_CONVERSION = YES;
				CLANG_WARN_DIRECT_OBJC_ISA_USAGE = YES_ERROR;
				CLANG_WARN_DOCUMENTATION_COMMENTS = YES;
				CLANG_WARN_EMPTY_BODY = YES;
				CLANG_WARN_ENUM_CONVERSION = YES;
				CLANG_WARN_INFINITE_RECURSION = YES;
				CLANG_WARN_INT_CONVERSION = YES;
				CLANG_WARN_NON_LITERAL_NULL_CONVERSION = YES;
				CLANG_WARN_OBJC_LITERAL_CONVERSION = YES;
				CLANG_WARN_OBJC_ROOT_CLASS = YES_ERROR;
				CLANG_WARN_RANGE_LOOP_ANALYSIS = YES;
				CLANG_WARN_STRICT_PROTOTYPES = YES;
				CLANG_WARN_SUSPICIOUS_MOVE = YES;
				CLANG_WARN_UNGUARDED_AVAILABILITY = YES_AGGRESSIVE;
				CLANG_WARN_UNREACHABLE_CODE = YES;
				CLANG_WARN__DUPLICATE_METHOD_MATCH = YES;
				CODE_SIGN_IDENTITY = "iPhone Developer";
				COPY_PHASE_STRIP = NO;
				DEBUG_INFORMATION_FORMAT = dwarf;
				ENABLE_STRICT_OBJC_MSGSEND = YES;
				ENABLE_TESTABILITY = YES;
				GCC_C_LANGUAGE_STANDARD = gnu11;
				GCC_DYNAMIC_NO_PIC = NO;
				GCC_NO_COMMON_BLOCKS = YES;
				GCC_OPTIMIZATION_LEVEL = 0;
				GCC_PREPROCESSOR_DEFINITIONS = (
					"DEBUG=1",
					"$(inherited)",
				);
				GCC_WARN_64_TO_32_BIT_CONVERSION = YES;
				GCC_WARN_ABOUT_RETURN_TYPE = YES_ERROR;
				GCC_WARN_UNDECLARED_SELECTOR = YES;
				GCC_WARN_UNINITIALIZED_AUTOS = YES_AGGRESSIVE;
				GCC_WARN_UNUSED_FUNCTION = YES;
				GCC_WARN_UNUSED_VARIABLE = YES;
				IPHONEOS_DEPLOYMENT_TARGET = 11.2;
				MTL_ENABLE_DEBUG_INFO = YES;
				ONLY_ACTIVE_ARCH = YES;
				SDKROOT = iphoneos;
				SWIFT_ACTIVE_COMPILATION_CONDITIONS = DEBUG;
				SWIFT_OPTIMIZATION_LEVEL = "-Onone";
			};
			name = Debug;
		};
		F62447F92024D6FA00DB9593 /* Release */ = {
			isa = XCBuildConfiguration;
			buildSettings = {
				ALWAYS_SEARCH_USER_PATHS = NO;
				CLANG_ANALYZER_NONNULL = YES;
				CLANG_ANALYZER_NUMBER_OBJECT_CONVERSION = YES_AGGRESSIVE;
				CLANG_CXX_LANGUAGE_STANDARD = "gnu++14";
				CLANG_CXX_LIBRARY = "libc++";
				CLANG_ENABLE_MODULES = YES;
				CLANG_ENABLE_OBJC_ARC = YES;
				CLANG_WARN_BLOCK_CAPTURE_AUTORELEASING = YES;
				CLANG_WARN_BOOL_CONVERSION = YES;
				CLANG_WARN_COMMA = YES;
				CLANG_WARN_CONSTANT_CONVERSION = YES;
				CLANG_WARN_DIRECT_OBJC_ISA_USAGE = YES_ERROR;
				CLANG_WARN_DOCUMENTATION_COMMENTS = YES;
				CLANG_WARN_EMPTY_BODY = YES;
				CLANG_WARN_ENUM_CONVERSION = YES;
				CLANG_WARN_INFINITE_RECURSION = YES;
				CLANG_WARN_INT_CONVERSION = YES;
				CLANG_WARN_NON_LITERAL_NULL_CONVERSION = YES;
				CLANG_WARN_OBJC_LITERAL_CONVERSION = YES;
				CLANG_WARN_OBJC_ROOT_CLASS = YES_ERROR;
				CLANG_WARN_RANGE_LOOP_ANALYSIS = YES;
				CLANG_WARN_STRICT_PROTOTYPES = YES;
				CLANG_WARN_SUSPICIOUS_MOVE = YES;
				CLANG_WARN_UNGUARDED_AVAILABILITY = YES_AGGRESSIVE;
				CLANG_WARN_UNREACHABLE_CODE = YES;
				CLANG_WARN__DUPLICATE_METHOD_MATCH = YES;
				CODE_SIGN_IDENTITY = "iPhone Developer";
				COPY_PHASE_STRIP = NO;
				DEBUG_INFORMATION_FORMAT = "dwarf-with-dsym";
				ENABLE_NS_ASSERTIONS = NO;
				ENABLE_STRICT_OBJC_MSGSEND = YES;
				GCC_C_LANGUAGE_STANDARD = gnu11;
				GCC_NO_COMMON_BLOCKS = YES;
				GCC_WARN_64_TO_32_BIT_CONVERSION = YES;
				GCC_WARN_ABOUT_RETURN_TYPE = YES_ERROR;
				GCC_WARN_UNDECLARED_SELECTOR = YES;
				GCC_WARN_UNINITIALIZED_AUTOS = YES_AGGRESSIVE;
				GCC_WARN_UNUSED_FUNCTION = YES;
				GCC_WARN_UNUSED_VARIABLE = YES;
				IPHONEOS_DEPLOYMENT_TARGET = 11.2;
				MTL_ENABLE_DEBUG_INFO = NO;
				SDKROOT = iphoneos;
				SWIFT_OPTIMIZATION_LEVEL = "-Owholemodule";
				VALIDATE_PRODUCT = YES;
			};
			name = Release;
		};
		F62447FB2024D6FA00DB9593 /* Debug */ = {
			isa = XCBuildConfiguration;
			buildSettings = {
				ASSETCATALOG_COMPILER_APPICON_NAME = AppIcon;
				CODE_SIGN_STYLE = Automatic;
				DEVELOPMENT_TEAM = 4HE2VJEQDT;
				INFOPLIST_FILE = FoodTracker/Info.plist;
				LD_RUNPATH_SEARCH_PATHS = "$(inherited) @executable_path/Frameworks";
				PRODUCT_BUNDLE_IDENTIFIER = com.example.FoodTracker;
				PRODUCT_NAME = "$(TARGET_NAME)";
				SWIFT_VERSION = 4.0;
				TARGETED_DEVICE_FAMILY = "1,2";
			};
			name = Debug;
		};
		F62447FC2024D6FA00DB9593 /* Release */ = {
			isa = XCBuildConfiguration;
			buildSettings = {
				ASSETCATALOG_COMPILER_APPICON_NAME = AppIcon;
				CODE_SIGN_STYLE = Automatic;
				DEVELOPMENT_TEAM = 4HE2VJEQDT;
				INFOPLIST_FILE = FoodTracker/Info.plist;
				LD_RUNPATH_SEARCH_PATHS = "$(inherited) @executable_path/Frameworks";
				PRODUCT_BUNDLE_IDENTIFIER = com.example.FoodTracker;
				PRODUCT_NAME = "$(TARGET_NAME)";
				SWIFT_VERSION = 4.0;
				TARGETED_DEVICE_FAMILY = "1,2";
			};
			name = Release;
		};
		F62447FE2024D6FA00DB9593 /* Debug */ = {
			isa = XCBuildConfiguration;
			buildSettings = {
				ALWAYS_EMBED_SWIFT_STANDARD_LIBRARIES = YES;
				BUNDLE_LOADER = "$(TEST_HOST)";
				CODE_SIGN_STYLE = Automatic;
				DEVELOPMENT_TEAM = 4HE2VJEQDT;
				INFOPLIST_FILE = FoodTrackerTests/Info.plist;
				LD_RUNPATH_SEARCH_PATHS = "$(inherited) @executable_path/Frameworks @loader_path/Frameworks";
				PRODUCT_BUNDLE_IDENTIFIER = com.example.FoodTrackerTests;
				PRODUCT_NAME = "$(TARGET_NAME)";
				SWIFT_VERSION = 4.0;
				TARGETED_DEVICE_FAMILY = "1,2";
				TEST_HOST = "$(BUILT_PRODUCTS_DIR)/FoodTracker.app/FoodTracker";
			};
			name = Debug;
		};
		F62447FF2024D6FA00DB9593 /* Release */ = {
			isa = XCBuildConfiguration;
			buildSettings = {
				ALWAYS_EMBED_SWIFT_STANDARD_LIBRARIES = YES;
				BUNDLE_LOADER = "$(TEST_HOST)";
				CODE_SIGN_STYLE = Automatic;
				DEVELOPMENT_TEAM = 4HE2VJEQDT;
				INFOPLIST_FILE = FoodTrackerTests/Info.plist;
				LD_RUNPATH_SEARCH_PATHS = "$(inherited) @executable_path/Frameworks @loader_path/Frameworks";
				PRODUCT_BUNDLE_IDENTIFIER = com.example.FoodTrackerTests;
				PRODUCT_NAME = "$(TARGET_NAME)";
				SWIFT_VERSION = 4.0;
				TARGETED_DEVICE_FAMILY = "1,2";
				TEST_HOST = "$(BUILT_PRODUCTS_DIR)/FoodTracker.app/FoodTracker";
			};
			name = Release;
		};
		F62448012024D6FA00DB9593 /* Debug */ = {
			isa = XCBuildConfiguration;
			buildSettings = {
				ALWAYS_EMBED_SWIFT_STANDARD_LIBRARIES = YES;
				CODE_SIGN_STYLE = Automatic;
				DEVELOPMENT_TEAM = 4HE2VJEQDT;
				INFOPLIST_FILE = FoodTrackerUITests/Info.plist;
				LD_RUNPATH_SEARCH_PATHS = "$(inherited) @executable_path/Frameworks @loader_path/Frameworks";
				PRODUCT_BUNDLE_IDENTIFIER = com.example.FoodTrackerUITests;
				PRODUCT_NAME = "$(TARGET_NAME)";
				SWIFT_VERSION = 4.0;
				TARGETED_DEVICE_FAMILY = "1,2";
				TEST_TARGET_NAME = FoodTracker;
			};
			name = Debug;
		};
		F62448022024D6FA00DB9593 /* Release */ = {
			isa = XCBuildConfiguration;
			buildSettings = {
				ALWAYS_EMBED_SWIFT_STANDARD_LIBRARIES = YES;
				CODE_SIGN_STYLE = Automatic;
				DEVELOPMENT_TEAM = 4HE2VJEQDT;
				INFOPLIST_FILE = FoodTrackerUITests/Info.plist;
				LD_RUNPATH_SEARCH_PATHS = "$(inherited) @executable_path/Frameworks @loader_path/Frameworks";
				PRODUCT_BUNDLE_IDENTIFIER = com.example.FoodTrackerUITests;
				PRODUCT_NAME = "$(TARGET_NAME)";
				SWIFT_VERSION = 4.0;
				TARGETED_DEVICE_FAMILY = "1,2";
				TEST_TARGET_NAME = FoodTracker;
			};
			name = Release;
		};
/* End XCBuildConfiguration section */

/* Begin XCConfigurationList section */
		F62447CD2024D6F900DB9593 /* Build configuration list for PBXProject "FoodTracker" */ = {
			isa = XCConfigurationList;
			buildConfigurations = (
				F62447F82024D6FA00DB9593 /* Debug */,
				F62447F92024D6FA00DB9593 /* Release */,
			);
			defaultConfigurationIsVisible = 0;
			defaultConfigurationName = Release;
		};
		F62447FA2024D6FA00DB9593 /* Build configuration list for PBXNativeTarget "FoodTracker" */ = {
			isa = XCConfigurationList;
			buildConfigurations = (
				F62447FB2024D6FA00DB9593 /* Debug */,
				F62447FC2024D6FA00DB9593 /* Release */,
			);
			defaultConfigurationIsVisible = 0;
			defaultConfigurationName = Release;
		};
		F62447FD2024D6FA00DB9593 /* Build configuration list for PBXNativeTarget "FoodTrackerTests" */ = {
			isa = XCConfigurationList;
			buildConfigurations = (
				F62447FE2024D6FA00DB9593 /* Debug */,
				F62447FF2024D6FA00DB9593 /* Release */,
			);
			defaultConfigurationIsVisible = 0;
			defaultConfigurationName = Release;
		};
		F62448002024D6FA00DB9593 /* Build configuration list for PBXNativeTarget "FoodTrackerUITests" */ = {
			isa = XCConfigurationList;
			buildConfigurations = (
				F62448012024D6FA00DB9593 /* Debug */,
				F62448022024D6FA00DB9593 /* Release */,
			);
			defaultConfigurationIsVisible = 0;
			defaultConfigurationName = Release;
		};
/* End XCConfigurationList section */
	};
	rootObject = F62447CA2024D6F900DB9593 /* Project object */;
}
