// !$*UTF8*$!
{
	archiveVersion = 1;
	classes = {
	};
	objectVersion = 48;
	objects = {

/* Begin PBXBuildFile section */
		0CFB6D0F9205B2B7494DA4FC /* Pods_CustomEmailLoginTests.framework in Frameworks */ = {isa = PBXBuildFile; fileRef = 0643FFD1B5B0D4914CF1795F /* Pods_CustomEmailLoginTests.framework */; };
		312415AFC7E9BDF14919C3F0 /* Pods_CustomEmailLogin.framework in Frameworks */ = {isa = PBXBuildFile; fileRef = 497F891B6452C6BBB2A33F20 /* Pods_CustomEmailLogin.framework */; };
		B4C651D89727A006036B8062 /* Pods_CustomEmailLoginUITests.framework in Frameworks */ = {isa = PBXBuildFile; fileRef = 72FEB69CF957446C3A2BEC61 /* Pods_CustomEmailLoginUITests.framework */; };
		DDE6985D202E0D51009A466E /* AppDelegate.swift in Sources */ = {isa = PBXBuildFile; fileRef = DDE6985C202E0D51009A466E /* AppDelegate.swift */; };
		DDE6985F202E0D51009A466E /* ViewController.swift in Sources */ = {isa = PBXBuildFile; fileRef = DDE6985E202E0D51009A466E /* ViewController.swift */; };
		DDE69862202E0D51009A466E /* Main.storyboard in Resources */ = {isa = PBXBuildFile; fileRef = DDE69860202E0D51009A466E /* Main.storyboard */; };
		DDE69864202E0D51009A466E /* Assets.xcassets in Resources */ = {isa = PBXBuildFile; fileRef = DDE69863202E0D51009A466E /* Assets.xcassets */; };
		DDE69867202E0D51009A466E /* LaunchScreen.storyboard in Resources */ = {isa = PBXBuildFile; fileRef = DDE69865202E0D51009A466E /* LaunchScreen.storyboard */; };
		DDE69872202E0D51009A466E /* CustomEmailLoginTests.swift in Sources */ = {isa = PBXBuildFile; fileRef = DDE69871202E0D51009A466E /* CustomEmailLoginTests.swift */; };
		DDE6987D202E0D51009A466E /* CustomEmailLoginUITests.swift in Sources */ = {isa = PBXBuildFile; fileRef = DDE6987C202E0D51009A466E /* CustomEmailLoginUITests.swift */; };
		DDE6988B202E0F19009A466E /* GoogleService-Info.plist in Resources */ = {isa = PBXBuildFile; fileRef = DDE6988A202E0F19009A466E /* GoogleService-Info.plist */; };
/* End PBXBuildFile section */

/* Begin PBXContainerItemProxy section */
		DDE6986E202E0D51009A466E /* PBXContainerItemProxy */ = {
			isa = PBXContainerItemProxy;
			containerPortal = DDE69851202E0D51009A466E /* Project object */;
			proxyType = 1;
			remoteGlobalIDString = DDE69858202E0D51009A466E;
			remoteInfo = CustomEmailLogin;
		};
		DDE69879202E0D51009A466E /* PBXContainerItemProxy */ = {
			isa = PBXContainerItemProxy;
			containerPortal = DDE69851202E0D51009A466E /* Project object */;
			proxyType = 1;
			remoteGlobalIDString = DDE69858202E0D51009A466E;
			remoteInfo = CustomEmailLogin;
		};
/* End PBXContainerItemProxy section */

/* Begin PBXFileReference section */
		0643FFD1B5B0D4914CF1795F /* Pods_CustomEmailLoginTests.framework */ = {isa = PBXFileReference; explicitFileType = wrapper.framework; includeInIndex = 0; path = Pods_CustomEmailLoginTests.framework; sourceTree = BUILT_PRODUCTS_DIR; };
		0FD1CE7123EB5708637E7CAB /* Pods-CustomEmailLoginUITests.release.xcconfig */ = {isa = PBXFileReference; includeInIndex = 1; lastKnownFileType = text.xcconfig; name = "Pods-CustomEmailLoginUITests.release.xcconfig"; path = "Pods/Target Support Files/Pods-CustomEmailLoginUITests/Pods-CustomEmailLoginUITests.release.xcconfig"; sourceTree = "<group>"; };
		1983C079281F24165576634F /* Pods-CustomEmailLogin.release.xcconfig */ = {isa = PBXFileReference; includeInIndex = 1; lastKnownFileType = text.xcconfig; name = "Pods-CustomEmailLogin.release.xcconfig"; path = "Pods/Target Support Files/Pods-CustomEmailLogin/Pods-CustomEmailLogin.release.xcconfig"; sourceTree = "<group>"; };
		42C8966FF4F1EF3A3423E946 /* Pods-CustomEmailLoginTests.release.xcconfig */ = {isa = PBXFileReference; includeInIndex = 1; lastKnownFileType = text.xcconfig; name = "Pods-CustomEmailLoginTests.release.xcconfig"; path = "Pods/Target Support Files/Pods-CustomEmailLoginTests/Pods-CustomEmailLoginTests.release.xcconfig"; sourceTree = "<group>"; };
		497F891B6452C6BBB2A33F20 /* Pods_CustomEmailLogin.framework */ = {isa = PBXFileReference; explicitFileType = wrapper.framework; includeInIndex = 0; path = Pods_CustomEmailLogin.framework; sourceTree = BUILT_PRODUCTS_DIR; };
		72FEB69CF957446C3A2BEC61 /* Pods_CustomEmailLoginUITests.framework */ = {isa = PBXFileReference; explicitFileType = wrapper.framework; includeInIndex = 0; path = Pods_CustomEmailLoginUITests.framework; sourceTree = BUILT_PRODUCTS_DIR; };
		84D6EB2144F4C84264807382 /* Pods-CustomEmailLoginUITests.debug.xcconfig */ = {isa = PBXFileReference; includeInIndex = 1; lastKnownFileType = text.xcconfig; name = "Pods-CustomEmailLoginUITests.debug.xcconfig"; path = "Pods/Target Support Files/Pods-CustomEmailLoginUITests/Pods-CustomEmailLoginUITests.debug.xcconfig"; sourceTree = "<group>"; };
		AFE28C7A9CAC91DCF016589A /* Pods-CustomEmailLogin.debug.xcconfig */ = {isa = PBXFileReference; includeInIndex = 1; lastKnownFileType = text.xcconfig; name = "Pods-CustomEmailLogin.debug.xcconfig"; path = "Pods/Target Support Files/Pods-CustomEmailLogin/Pods-CustomEmailLogin.debug.xcconfig"; sourceTree = "<group>"; };
		B716992093EAD04F4EE11188 /* Pods-CustomEmailLoginTests.debug.xcconfig */ = {isa = PBXFileReference; includeInIndex = 1; lastKnownFileType = text.xcconfig; name = "Pods-CustomEmailLoginTests.debug.xcconfig"; path = "Pods/Target Support Files/Pods-CustomEmailLoginTests/Pods-CustomEmailLoginTests.debug.xcconfig"; sourceTree = "<group>"; };
		DDE69859202E0D51009A466E /* CustomEmailLogin.app */ = {isa = PBXFileReference; explicitFileType = wrapper.application; includeInIndex = 0; path = CustomEmailLogin.app; sourceTree = BUILT_PRODUCTS_DIR; };
		DDE6985C202E0D51009A466E /* AppDelegate.swift */ = {isa = PBXFileReference; lastKnownFileType = sourcecode.swift; path = AppDelegate.swift; sourceTree = "<group>"; };
		DDE6985E202E0D51009A466E /* ViewController.swift */ = {isa = PBXFileReference; lastKnownFileType = sourcecode.swift; path = ViewController.swift; sourceTree = "<group>"; };
		DDE69861202E0D51009A466E /* Base */ = {isa = PBXFileReference; lastKnownFileType = file.storyboard; name = Base; path = Base.lproj/Main.storyboard; sourceTree = "<group>"; };
		DDE69863202E0D51009A466E /* Assets.xcassets */ = {isa = PBXFileReference; lastKnownFileType = folder.assetcatalog; path = Assets.xcassets; sourceTree = "<group>"; };
		DDE69866202E0D51009A466E /* Base */ = {isa = PBXFileReference; lastKnownFileType = file.storyboard; name = Base; path = Base.lproj/LaunchScreen.storyboard; sourceTree = "<group>"; };
		DDE69868202E0D51009A466E /* Info.plist */ = {isa = PBXFileReference; lastKnownFileType = text.plist.xml; path = Info.plist; sourceTree = "<group>"; };
		DDE6986D202E0D51009A466E /* CustomEmailLoginTests.xctest */ = {isa = PBXFileReference; explicitFileType = wrapper.cfbundle; includeInIndex = 0; path = CustomEmailLoginTests.xctest; sourceTree = BUILT_PRODUCTS_DIR; };
		DDE69871202E0D51009A466E /* CustomEmailLoginTests.swift */ = {isa = PBXFileReference; lastKnownFileType = sourcecode.swift; path = CustomEmailLoginTests.swift; sourceTree = "<group>"; };
		DDE69873202E0D51009A466E /* Info.plist */ = {isa = PBXFileReference; lastKnownFileType = text.plist.xml; path = Info.plist; sourceTree = "<group>"; };
		DDE69878202E0D51009A466E /* CustomEmailLoginUITests.xctest */ = {isa = PBXFileReference; explicitFileType = wrapper.cfbundle; includeInIndex = 0; path = CustomEmailLoginUITests.xctest; sourceTree = BUILT_PRODUCTS_DIR; };
		DDE6987C202E0D51009A466E /* CustomEmailLoginUITests.swift */ = {isa = PBXFileReference; lastKnownFileType = sourcecode.swift; path = CustomEmailLoginUITests.swift; sourceTree = "<group>"; };
		DDE6987E202E0D51009A466E /* Info.plist */ = {isa = PBXFileReference; lastKnownFileType = text.plist.xml; path = Info.plist; sourceTree = "<group>"; };
		DDE6988A202E0F19009A466E /* GoogleService-Info.plist */ = {isa = PBXFileReference; fileEncoding = 4; lastKnownFileType = text.plist.xml; path = "GoogleService-Info.plist"; sourceTree = "<group>"; };
/* End PBXFileReference section */

/* Begin PBXFrameworksBuildPhase section */
		DDE69856202E0D51009A466E /* Frameworks */ = {
			isa = PBXFrameworksBuildPhase;
			buildActionMask = 2147483647;
			files = (
				312415AFC7E9BDF14919C3F0 /* Pods_CustomEmailLogin.framework in Frameworks */,
			);
			runOnlyForDeploymentPostprocessing = 0;
		};
		DDE6986A202E0D51009A466E /* Frameworks */ = {
			isa = PBXFrameworksBuildPhase;
			buildActionMask = 2147483647;
			files = (
				0CFB6D0F9205B2B7494DA4FC /* Pods_CustomEmailLoginTests.framework in Frameworks */,
			);
			runOnlyForDeploymentPostprocessing = 0;
		};
		DDE69875202E0D51009A466E /* Frameworks */ = {
			isa = PBXFrameworksBuildPhase;
			buildActionMask = 2147483647;
			files = (
				B4C651D89727A006036B8062 /* Pods_CustomEmailLoginUITests.framework in Frameworks */,
			);
			runOnlyForDeploymentPostprocessing = 0;
		};
/* End PBXFrameworksBuildPhase section */

/* Begin PBXGroup section */
		26CDC492135D0BF4F7593432 /* Frameworks */ = {
			isa = PBXGroup;
			children = (
				497F891B6452C6BBB2A33F20 /* Pods_CustomEmailLogin.framework */,
				0643FFD1B5B0D4914CF1795F /* Pods_CustomEmailLoginTests.framework */,
				72FEB69CF957446C3A2BEC61 /* Pods_CustomEmailLoginUITests.framework */,
			);
			name = Frameworks;
			sourceTree = "<group>";
		};
		DDE69850202E0D51009A466E = {
			isa = PBXGroup;
			children = (
				DDE6985B202E0D51009A466E /* CustomEmailLogin */,
				DDE69870202E0D51009A466E /* CustomEmailLoginTests */,
				DDE6987B202E0D51009A466E /* CustomEmailLoginUITests */,
				DDE6985A202E0D51009A466E /* Products */,
				DEEDFBD6D14D0179C9D4D1A4 /* Pods */,
				26CDC492135D0BF4F7593432 /* Frameworks */,
			);
			sourceTree = "<group>";
		};
		DDE6985A202E0D51009A466E /* Products */ = {
			isa = PBXGroup;
			children = (
				DDE69859202E0D51009A466E /* CustomEmailLogin.app */,
				DDE6986D202E0D51009A466E /* CustomEmailLoginTests.xctest */,
				DDE69878202E0D51009A466E /* CustomEmailLoginUITests.xctest */,
			);
			name = Products;
			sourceTree = "<group>";
		};
		DDE6985B202E0D51009A466E /* CustomEmailLogin */ = {
			isa = PBXGroup;
			children = (
				DDE6985C202E0D51009A466E /* AppDelegate.swift */,
				DDE6985E202E0D51009A466E /* ViewController.swift */,
				DDE69860202E0D51009A466E /* Main.storyboard */,
				DDE69863202E0D51009A466E /* Assets.xcassets */,
				DDE69865202E0D51009A466E /* LaunchScreen.storyboard */,
				DDE69868202E0D51009A466E /* Info.plist */,
				DDE6988A202E0F19009A466E /* GoogleService-Info.plist */,
			);
			path = CustomEmailLogin;
			sourceTree = "<group>";
		};
		DDE69870202E0D51009A466E /* CustomEmailLoginTests */ = {
			isa = PBXGroup;
			children = (
				DDE69871202E0D51009A466E /* CustomEmailLoginTests.swift */,
				DDE69873202E0D51009A466E /* Info.plist */,
			);
			path = CustomEmailLoginTests;
			sourceTree = "<group>";
		};
		DDE6987B202E0D51009A466E /* CustomEmailLoginUITests */ = {
			isa = PBXGroup;
			children = (
				DDE6987C202E0D51009A466E /* CustomEmailLoginUITests.swift */,
				DDE6987E202E0D51009A466E /* Info.plist */,
			);
			path = CustomEmailLoginUITests;
			sourceTree = "<group>";
		};
		DEEDFBD6D14D0179C9D4D1A4 /* Pods */ = {
			isa = PBXGroup;
			children = (
				AFE28C7A9CAC91DCF016589A /* Pods-CustomEmailLogin.debug.xcconfig */,
				1983C079281F24165576634F /* Pods-CustomEmailLogin.release.xcconfig */,
				B716992093EAD04F4EE11188 /* Pods-CustomEmailLoginTests.debug.xcconfig */,
				42C8966FF4F1EF3A3423E946 /* Pods-CustomEmailLoginTests.release.xcconfig */,
				84D6EB2144F4C84264807382 /* Pods-CustomEmailLoginUITests.debug.xcconfig */,
				0FD1CE7123EB5708637E7CAB /* Pods-CustomEmailLoginUITests.release.xcconfig */,
			);
			name = Pods;
			sourceTree = "<group>";
		};
/* End PBXGroup section */

/* Begin PBXNativeTarget section */
		DDE69858202E0D51009A466E /* CustomEmailLogin */ = {
			isa = PBXNativeTarget;
			buildConfigurationList = DDE69881202E0D51009A466E /* Build configuration list for PBXNativeTarget "CustomEmailLogin" */;
			buildPhases = (
				039A721929C0624368D9DA4E /* [CP] Check Pods Manifest.lock */,
				DDE69855202E0D51009A466E /* Sources */,
				DDE69856202E0D51009A466E /* Frameworks */,
				DDE69857202E0D51009A466E /* Resources */,
				4C2E4499AD9788A6780D550D /* [CP] Embed Pods Frameworks */,
				78B8B38FFE6D65295B751E27 /* [CP] Copy Pods Resources */,
			);
			buildRules = (
			);
			dependencies = (
			);
			name = CustomEmailLogin;
			productName = CustomEmailLogin;
			productReference = DDE69859202E0D51009A466E /* CustomEmailLogin.app */;
			productType = "com.apple.product-type.application";
		};
		DDE6986C202E0D51009A466E /* CustomEmailLoginTests */ = {
			isa = PBXNativeTarget;
			buildConfigurationList = DDE69884202E0D51009A466E /* Build configuration list for PBXNativeTarget "CustomEmailLoginTests" */;
			buildPhases = (
				680C641AC954C15B6C806C78 /* [CP] Check Pods Manifest.lock */,
				DDE69869202E0D51009A466E /* Sources */,
				DDE6986A202E0D51009A466E /* Frameworks */,
				DDE6986B202E0D51009A466E /* Resources */,
				5004DD39CADCFA3ACE283A7D /* [CP] Embed Pods Frameworks */,
				A13F1854FC76F7F1BD68D590 /* [CP] Copy Pods Resources */,
			);
			buildRules = (
			);
			dependencies = (
				DDE6986F202E0D51009A466E /* PBXTargetDependency */,
			);
			name = CustomEmailLoginTests;
			productName = CustomEmailLoginTests;
			productReference = DDE6986D202E0D51009A466E /* CustomEmailLoginTests.xctest */;
			productType = "com.apple.product-type.bundle.unit-test";
		};
		DDE69877202E0D51009A466E /* CustomEmailLoginUITests */ = {
			isa = PBXNativeTarget;
			buildConfigurationList = DDE69887202E0D51009A466E /* Build configuration list for PBXNativeTarget "CustomEmailLoginUITests" */;
			buildPhases = (
				EA0141226E304A1B847898B6 /* [CP] Check Pods Manifest.lock */,
				DDE69874202E0D51009A466E /* Sources */,
				DDE69875202E0D51009A466E /* Frameworks */,
				DDE69876202E0D51009A466E /* Resources */,
				58D8B444F06F1F666E169EED /* [CP] Embed Pods Frameworks */,
				6A83CF11917F04AD0EF68E40 /* [CP] Copy Pods Resources */,
			);
			buildRules = (
			);
			dependencies = (
				DDE6987A202E0D51009A466E /* PBXTargetDependency */,
			);
			name = CustomEmailLoginUITests;
			productName = CustomEmailLoginUITests;
			productReference = DDE69878202E0D51009A466E /* CustomEmailLoginUITests.xctest */;
			productType = "com.apple.product-type.bundle.ui-testing";
		};
/* End PBXNativeTarget section */

/* Begin PBXProject section */
		DDE69851202E0D51009A466E /* Project object */ = {
			isa = PBXProject;
			attributes = {
				LastSwiftUpdateCheck = 0920;
				LastUpgradeCheck = 0920;
				ORGANIZATIONNAME = ParkIt;
				TargetAttributes = {
					DDE69858202E0D51009A466E = {
						CreatedOnToolsVersion = 9.2;
						ProvisioningStyle = Automatic;
					};
					DDE6986C202E0D51009A466E = {
						CreatedOnToolsVersion = 9.2;
						ProvisioningStyle = Automatic;
						TestTargetID = DDE69858202E0D51009A466E;
					};
					DDE69877202E0D51009A466E = {
						CreatedOnToolsVersion = 9.2;
						ProvisioningStyle = Automatic;
						TestTargetID = DDE69858202E0D51009A466E;
					};
				};
			};
			buildConfigurationList = DDE69854202E0D51009A466E /* Build configuration list for PBXProject "CustomEmailLogin" */;
			compatibilityVersion = "Xcode 8.0";
			developmentRegion = en;
			hasScannedForEncodings = 0;
			knownRegions = (
				en,
				Base,
			);
			mainGroup = DDE69850202E0D51009A466E;
			productRefGroup = DDE6985A202E0D51009A466E /* Products */;
			projectDirPath = "";
			projectRoot = "";
			targets = (
				DDE69858202E0D51009A466E /* CustomEmailLogin */,
				DDE6986C202E0D51009A466E /* CustomEmailLoginTests */,
				DDE69877202E0D51009A466E /* CustomEmailLoginUITests */,
			);
		};
/* End PBXProject section */

/* Begin PBXResourcesBuildPhase section */
		DDE69857202E0D51009A466E /* Resources */ = {
			isa = PBXResourcesBuildPhase;
			buildActionMask = 2147483647;
			files = (
				DDE69867202E0D51009A466E /* LaunchScreen.storyboard in Resources */,
				DDE6988B202E0F19009A466E /* GoogleService-Info.plist in Resources */,
				DDE69864202E0D51009A466E /* Assets.xcassets in Resources */,
				DDE69862202E0D51009A466E /* Main.storyboard in Resources */,
			);
			runOnlyForDeploymentPostprocessing = 0;
		};
		DDE6986B202E0D51009A466E /* Resources */ = {
			isa = PBXResourcesBuildPhase;
			buildActionMask = 2147483647;
			files = (
			);
			runOnlyForDeploymentPostprocessing = 0;
		};
		DDE69876202E0D51009A466E /* Resources */ = {
			isa = PBXResourcesBuildPhase;
			buildActionMask = 2147483647;
			files = (
			);
			runOnlyForDeploymentPostprocessing = 0;
		};
/* End PBXResourcesBuildPhase section */

/* Begin PBXShellScriptBuildPhase section */
		039A721929C0624368D9DA4E /* [CP] Check Pods Manifest.lock */ = {
			isa = PBXShellScriptBuildPhase;
			buildActionMask = 2147483647;
			files = (
			);
			inputPaths = (
				"${PODS_PODFILE_DIR_PATH}/Podfile.lock",
				"${PODS_ROOT}/Manifest.lock",
			);
			name = "[CP] Check Pods Manifest.lock";
			outputPaths = (
				"$(DERIVED_FILE_DIR)/Pods-CustomEmailLogin-checkManifestLockResult.txt",
			);
			runOnlyForDeploymentPostprocessing = 0;
			shellPath = /bin/sh;
			shellScript = "diff \"${PODS_PODFILE_DIR_PATH}/Podfile.lock\" \"${PODS_ROOT}/Manifest.lock\" > /dev/null\nif [ $? != 0 ] ; then\n    # print error to STDERR\n    echo \"error: The sandbox is not in sync with the Podfile.lock. Run 'pod install' or update your CocoaPods installation.\" >&2\n    exit 1\nfi\n# This output is used by Xcode 'outputs' to avoid re-running this script phase.\necho \"SUCCESS\" > \"${SCRIPT_OUTPUT_FILE_0}\"\n";
			showEnvVarsInLog = 0;
		};
		4C2E4499AD9788A6780D550D /* [CP] Embed Pods Frameworks */ = {
			isa = PBXShellScriptBuildPhase;
			buildActionMask = 2147483647;
			files = (
			);
			inputPaths = (
				"${SRCROOT}/Pods/Target Support Files/Pods-CustomEmailLogin/Pods-CustomEmailLogin-frameworks.sh",
				"${BUILT_PRODUCTS_DIR}/GTMSessionFetcher/GTMSessionFetcher.framework",
				"${BUILT_PRODUCTS_DIR}/GoogleToolboxForMac/GoogleToolboxForMac.framework",
				"${BUILT_PRODUCTS_DIR}/nanopb/nanopb.framework",
			);
			name = "[CP] Embed Pods Frameworks";
			outputPaths = (
				"${TARGET_BUILD_DIR}/${FRAMEWORKS_FOLDER_PATH}/GTMSessionFetcher.framework",
				"${TARGET_BUILD_DIR}/${FRAMEWORKS_FOLDER_PATH}/GoogleToolboxForMac.framework",
				"${TARGET_BUILD_DIR}/${FRAMEWORKS_FOLDER_PATH}/nanopb.framework",
			);
			runOnlyForDeploymentPostprocessing = 0;
			shellPath = /bin/sh;
			shellScript = "\"${SRCROOT}/Pods/Target Support Files/Pods-CustomEmailLogin/Pods-CustomEmailLogin-frameworks.sh\"\n";
			showEnvVarsInLog = 0;
		};
		5004DD39CADCFA3ACE283A7D /* [CP] Embed Pods Frameworks */ = {
			isa = PBXShellScriptBuildPhase;
			buildActionMask = 2147483647;
			files = (
			);
			inputPaths = (
			);
			name = "[CP] Embed Pods Frameworks";
			outputPaths = (
			);
			runOnlyForDeploymentPostprocessing = 0;
			shellPath = /bin/sh;
			shellScript = "\"${SRCROOT}/Pods/Target Support Files/Pods-CustomEmailLoginTests/Pods-CustomEmailLoginTests-frameworks.sh\"\n";
			showEnvVarsInLog = 0;
		};
		58D8B444F06F1F666E169EED /* [CP] Embed Pods Frameworks */ = {
			isa = PBXShellScriptBuildPhase;
			buildActionMask = 2147483647;
			files = (
			);
			inputPaths = (
			);
			name = "[CP] Embed Pods Frameworks";
			outputPaths = (
			);
			runOnlyForDeploymentPostprocessing = 0;
			shellPath = /bin/sh;
			shellScript = "\"${SRCROOT}/Pods/Target Support Files/Pods-CustomEmailLoginUITests/Pods-CustomEmailLoginUITests-frameworks.sh\"\n";
			showEnvVarsInLog = 0;
		};
		680C641AC954C15B6C806C78 /* [CP] Check Pods Manifest.lock */ = {
			isa = PBXShellScriptBuildPhase;
			buildActionMask = 2147483647;
			files = (
			);
			inputPaths = (
				"${PODS_PODFILE_DIR_PATH}/Podfile.lock",
				"${PODS_ROOT}/Manifest.lock",
			);
			name = "[CP] Check Pods Manifest.lock";
			outputPaths = (
				"$(DERIVED_FILE_DIR)/Pods-CustomEmailLoginTests-checkManifestLockResult.txt",
			);
			runOnlyForDeploymentPostprocessing = 0;
			shellPath = /bin/sh;
			shellScript = "diff \"${PODS_PODFILE_DIR_PATH}/Podfile.lock\" \"${PODS_ROOT}/Manifest.lock\" > /dev/null\nif [ $? != 0 ] ; then\n    # print error to STDERR\n    echo \"error: The sandbox is not in sync with the Podfile.lock. Run 'pod install' or update your CocoaPods installation.\" >&2\n    exit 1\nfi\n# This output is used by Xcode 'outputs' to avoid re-running this script phase.\necho \"SUCCESS\" > \"${SCRIPT_OUTPUT_FILE_0}\"\n";
			showEnvVarsInLog = 0;
		};
		6A83CF11917F04AD0EF68E40 /* [CP] Copy Pods Resources */ = {
			isa = PBXShellScriptBuildPhase;
			buildActionMask = 2147483647;
			files = (
			);
			inputPaths = (
			);
			name = "[CP] Copy Pods Resources";
			outputPaths = (
			);
			runOnlyForDeploymentPostprocessing = 0;
			shellPath = /bin/sh;
			shellScript = "\"${SRCROOT}/Pods/Target Support Files/Pods-CustomEmailLoginUITests/Pods-CustomEmailLoginUITests-resources.sh\"\n";
			showEnvVarsInLog = 0;
		};
		78B8B38FFE6D65295B751E27 /* [CP] Copy Pods Resources */ = {
			isa = PBXShellScriptBuildPhase;
			buildActionMask = 2147483647;
			files = (
			);
			inputPaths = (
			);
			name = "[CP] Copy Pods Resources";
			outputPaths = (
			);
			runOnlyForDeploymentPostprocessing = 0;
			shellPath = /bin/sh;
			shellScript = "\"${SRCROOT}/Pods/Target Support Files/Pods-CustomEmailLogin/Pods-CustomEmailLogin-resources.sh\"\n";
			showEnvVarsInLog = 0;
		};
		A13F1854FC76F7F1BD68D590 /* [CP] Copy Pods Resources */ = {
			isa = PBXShellScriptBuildPhase;
			buildActionMask = 2147483647;
			files = (
			);
			inputPaths = (
			);
			name = "[CP] Copy Pods Resources";
			outputPaths = (
			);
			runOnlyForDeploymentPostprocessing = 0;
			shellPath = /bin/sh;
			shellScript = "\"${SRCROOT}/Pods/Target Support Files/Pods-CustomEmailLoginTests/Pods-CustomEmailLoginTests-resources.sh\"\n";
			showEnvVarsInLog = 0;
		};
		EA0141226E304A1B847898B6 /* [CP] Check Pods Manifest.lock */ = {
			isa = PBXShellScriptBuildPhase;
			buildActionMask = 2147483647;
			files = (
			);
			inputPaths = (
				"${PODS_PODFILE_DIR_PATH}/Podfile.lock",
				"${PODS_ROOT}/Manifest.lock",
			);
			name = "[CP] Check Pods Manifest.lock";
			outputPaths = (
				"$(DERIVED_FILE_DIR)/Pods-CustomEmailLoginUITests-checkManifestLockResult.txt",
			);
			runOnlyForDeploymentPostprocessing = 0;
			shellPath = /bin/sh;
			shellScript = "diff \"${PODS_PODFILE_DIR_PATH}/Podfile.lock\" \"${PODS_ROOT}/Manifest.lock\" > /dev/null\nif [ $? != 0 ] ; then\n    # print error to STDERR\n    echo \"error: The sandbox is not in sync with the Podfile.lock. Run 'pod install' or update your CocoaPods installation.\" >&2\n    exit 1\nfi\n# This output is used by Xcode 'outputs' to avoid re-running this script phase.\necho \"SUCCESS\" > \"${SCRIPT_OUTPUT_FILE_0}\"\n";
			showEnvVarsInLog = 0;
		};
/* End PBXShellScriptBuildPhase section */

/* Begin PBXSourcesBuildPhase section */
		DDE69855202E0D51009A466E /* Sources */ = {
			isa = PBXSourcesBuildPhase;
			buildActionMask = 2147483647;
			files = (
				DDE6985F202E0D51009A466E /* ViewController.swift in Sources */,
				DDE6985D202E0D51009A466E /* AppDelegate.swift in Sources */,
			);
			runOnlyForDeploymentPostprocessing = 0;
		};
		DDE69869202E0D51009A466E /* Sources */ = {
			isa = PBXSourcesBuildPhase;
			buildActionMask = 2147483647;
			files = (
				DDE69872202E0D51009A466E /* CustomEmailLoginTests.swift in Sources */,
			);
			runOnlyForDeploymentPostprocessing = 0;
		};
		DDE69874202E0D51009A466E /* Sources */ = {
			isa = PBXSourcesBuildPhase;
			buildActionMask = 2147483647;
			files = (
				DDE6987D202E0D51009A466E /* CustomEmailLoginUITests.swift in Sources */,
			);
			runOnlyForDeploymentPostprocessing = 0;
		};
/* End PBXSourcesBuildPhase section */

/* Begin PBXTargetDependency section */
		DDE6986F202E0D51009A466E /* PBXTargetDependency */ = {
			isa = PBXTargetDependency;
			target = DDE69858202E0D51009A466E /* CustomEmailLogin */;
			targetProxy = DDE6986E202E0D51009A466E /* PBXContainerItemProxy */;
		};
		DDE6987A202E0D51009A466E /* PBXTargetDependency */ = {
			isa = PBXTargetDependency;
			target = DDE69858202E0D51009A466E /* CustomEmailLogin */;
			targetProxy = DDE69879202E0D51009A466E /* PBXContainerItemProxy */;
		};
/* End PBXTargetDependency section */

/* Begin PBXVariantGroup section */
		DDE69860202E0D51009A466E /* Main.storyboard */ = {
			isa = PBXVariantGroup;
			children = (
				DDE69861202E0D51009A466E /* Base */,
			);
			name = Main.storyboard;
			sourceTree = "<group>";
		};
		DDE69865202E0D51009A466E /* LaunchScreen.storyboard */ = {
			isa = PBXVariantGroup;
			children = (
				DDE69866202E0D51009A466E /* Base */,
			);
			name = LaunchScreen.storyboard;
			sourceTree = "<group>";
		};
/* End PBXVariantGroup section */

/* Begin XCBuildConfiguration section */
		DDE6987F202E0D51009A466E /* Debug */ = {
			isa = XCBuildConfiguration;
			buildSettings = {
				ALWAYS_SEARCH_USER_PATHS = NO;
				CLANG_ANALYZER_NONNULL = YES;
				CLANG_ANALYZER_NUMBER_OBJECT_CONVERSION = YES_AGGRESSIVE;
				CLANG_CXX_LANGUAGE_STANDARD = "gnu++14";
				CLANG_CXX_LIBRARY = "libc++";
				CLANG_ENABLE_MODULES = YES;
				CLANG_ENABLE_OBJC_ARC = YES;
				CLANG_WARN_BLOCK_CAPTURE_AUTORELEASING = YES;
				CLANG_WARN_BOOL_CONVERSION = YES;
				CLANG_WARN_COMMA = YES;
				CLANG_WARN_CONSTANT_CONVERSION = YES;
				CLANG_WARN_DIRECT_OBJC_ISA_USAGE = YES_ERROR;
				CLANG_WARN_DOCUMENTATION_COMMENTS = YES;
				CLANG_WARN_EMPTY_BODY = YES;
				CLANG_WARN_ENUM_CONVERSION = YES;
				CLANG_WARN_INFINITE_RECURSION = YES;
				CLANG_WARN_INT_CONVERSION = YES;
				CLANG_WARN_NON_LITERAL_NULL_CONVERSION = YES;
				CLANG_WARN_OBJC_LITERAL_CONVERSION = YES;
				CLANG_WARN_OBJC_ROOT_CLASS = YES_ERROR;
				CLANG_WARN_RANGE_LOOP_ANALYSIS = YES;
				CLANG_WARN_STRICT_PROTOTYPES = YES;
				CLANG_WARN_SUSPICIOUS_MOVE = YES;
				CLANG_WARN_UNGUARDED_AVAILABILITY = YES_AGGRESSIVE;
				CLANG_WARN_UNREACHABLE_CODE = YES;
				CLANG_WARN__DUPLICATE_METHOD_MATCH = YES;
				CODE_SIGN_IDENTITY = "iPhone Developer";
				COPY_PHASE_STRIP = NO;
				DEBUG_INFORMATION_FORMAT = dwarf;
				ENABLE_STRICT_OBJC_MSGSEND = YES;
				ENABLE_TESTABILITY = YES;
				GCC_C_LANGUAGE_STANDARD = gnu11;
				GCC_DYNAMIC_NO_PIC = NO;
				GCC_NO_COMMON_BLOCKS = YES;
				GCC_OPTIMIZATION_LEVEL = 0;
				GCC_PREPROCESSOR_DEFINITIONS = (
					"DEBUG=1",
					"$(inherited)",
				);
				GCC_WARN_64_TO_32_BIT_CONVERSION = YES;
				GCC_WARN_ABOUT_RETURN_TYPE = YES_ERROR;
				GCC_WARN_UNDECLARED_SELECTOR = YES;
				GCC_WARN_UNINITIALIZED_AUTOS = YES_AGGRESSIVE;
				GCC_WARN_UNUSED_FUNCTION = YES;
				GCC_WARN_UNUSED_VARIABLE = YES;
				IPHONEOS_DEPLOYMENT_TARGET = 11.2;
				MTL_ENABLE_DEBUG_INFO = YES;
				ONLY_ACTIVE_ARCH = YES;
				SDKROOT = iphoneos;
				SWIFT_ACTIVE_COMPILATION_CONDITIONS = DEBUG;
				SWIFT_OPTIMIZATION_LEVEL = "-Onone";
			};
			name = Debug;
		};
		DDE69880202E0D51009A466E /* Release */ = {
			isa = XCBuildConfiguration;
			buildSettings = {
				ALWAYS_SEARCH_USER_PATHS = NO;
				CLANG_ANALYZER_NONNULL = YES;
				CLANG_ANALYZER_NUMBER_OBJECT_CONVERSION = YES_AGGRESSIVE;
				CLANG_CXX_LANGUAGE_STANDARD = "gnu++14";
				CLANG_CXX_LIBRARY = "libc++";
				CLANG_ENABLE_MODULES = YES;
				CLANG_ENABLE_OBJC_ARC = YES;
				CLANG_WARN_BLOCK_CAPTURE_AUTORELEASING = YES;
				CLANG_WARN_BOOL_CONVERSION = YES;
				CLANG_WARN_COMMA = YES;
				CLANG_WARN_CONSTANT_CONVERSION = YES;
				CLANG_WARN_DIRECT_OBJC_ISA_USAGE = YES_ERROR;
				CLANG_WARN_DOCUMENTATION_COMMENTS = YES;
				CLANG_WARN_EMPTY_BODY = YES;
				CLANG_WARN_ENUM_CONVERSION = YES;
				CLANG_WARN_INFINITE_RECURSION = YES;
				CLANG_WARN_INT_CONVERSION = YES;
				CLANG_WARN_NON_LITERAL_NULL_CONVERSION = YES;
				CLANG_WARN_OBJC_LITERAL_CONVERSION = YES;
				CLANG_WARN_OBJC_ROOT_CLASS = YES_ERROR;
				CLANG_WARN_RANGE_LOOP_ANALYSIS = YES;
				CLANG_WARN_STRICT_PROTOTYPES = YES;
				CLANG_WARN_SUSPICIOUS_MOVE = YES;
				CLANG_WARN_UNGUARDED_AVAILABILITY = YES_AGGRESSIVE;
				CLANG_WARN_UNREACHABLE_CODE = YES;
				CLANG_WARN__DUPLICATE_METHOD_MATCH = YES;
				CODE_SIGN_IDENTITY = "iPhone Developer";
				COPY_PHASE_STRIP = NO;
				DEBUG_INFORMATION_FORMAT = "dwarf-with-dsym";
				ENABLE_NS_ASSERTIONS = NO;
				ENABLE_STRICT_OBJC_MSGSEND = YES;
				GCC_C_LANGUAGE_STANDARD = gnu11;
				GCC_NO_COMMON_BLOCKS = YES;
				GCC_WARN_64_TO_32_BIT_CONVERSION = YES;
				GCC_WARN_ABOUT_RETURN_TYPE = YES_ERROR;
				GCC_WARN_UNDECLARED_SELECTOR = YES;
				GCC_WARN_UNINITIALIZED_AUTOS = YES_AGGRESSIVE;
				GCC_WARN_UNUSED_FUNCTION = YES;
				GCC_WARN_UNUSED_VARIABLE = YES;
				IPHONEOS_DEPLOYMENT_TARGET = 11.2;
				MTL_ENABLE_DEBUG_INFO = NO;
				SDKROOT = iphoneos;
				SWIFT_OPTIMIZATION_LEVEL = "-Owholemodule";
				VALIDATE_PRODUCT = YES;
			};
			name = Release;
		};
		DDE69882202E0D51009A466E /* Debug */ = {
			isa = XCBuildConfiguration;
			baseConfigurationReference = AFE28C7A9CAC91DCF016589A /* Pods-CustomEmailLogin.debug.xcconfig */;
			buildSettings = {
				ASSETCATALOG_COMPILER_APPICON_NAME = AppIcon;
				CODE_SIGN_STYLE = Automatic;
				INFOPLIST_FILE = CustomEmailLogin/Info.plist;
				LD_RUNPATH_SEARCH_PATHS = "$(inherited) @executable_path/Frameworks";
				PRODUCT_BUNDLE_IDENTIFIER = Tutorial.CustomEmailLogin;
				PRODUCT_NAME = "$(TARGET_NAME)";
				SWIFT_VERSION = 4.0;
				TARGETED_DEVICE_FAMILY = "1,2";
			};
			name = Debug;
		};
		DDE69883202E0D51009A466E /* Release */ = {
			isa = XCBuildConfiguration;
			baseConfigurationReference = 1983C079281F24165576634F /* Pods-CustomEmailLogin.release.xcconfig */;
			buildSettings = {
				ASSETCATALOG_COMPILER_APPICON_NAME = AppIcon;
				CODE_SIGN_STYLE = Automatic;
				INFOPLIST_FILE = CustomEmailLogin/Info.plist;
				LD_RUNPATH_SEARCH_PATHS = "$(inherited) @executable_path/Frameworks";
				PRODUCT_BUNDLE_IDENTIFIER = Tutorial.CustomEmailLogin;
				PRODUCT_NAME = "$(TARGET_NAME)";
				SWIFT_VERSION = 4.0;
				TARGETED_DEVICE_FAMILY = "1,2";
			};
			name = Release;
		};
		DDE69885202E0D51009A466E /* Debug */ = {
			isa = XCBuildConfiguration;
			baseConfigurationReference = B716992093EAD04F4EE11188 /* Pods-CustomEmailLoginTests.debug.xcconfig */;
			buildSettings = {
				ALWAYS_EMBED_SWIFT_STANDARD_LIBRARIES = YES;
				BUNDLE_LOADER = "$(TEST_HOST)";
				CODE_SIGN_STYLE = Automatic;
				INFOPLIST_FILE = CustomEmailLoginTests/Info.plist;
				LD_RUNPATH_SEARCH_PATHS = "$(inherited) @executable_path/Frameworks @loader_path/Frameworks";
				PRODUCT_BUNDLE_IDENTIFIER = Tutorial.CustomEmailLoginTests;
				PRODUCT_NAME = "$(TARGET_NAME)";
				SWIFT_VERSION = 4.0;
				TARGETED_DEVICE_FAMILY = "1,2";
				TEST_HOST = "$(BUILT_PRODUCTS_DIR)/CustomEmailLogin.app/CustomEmailLogin";
			};
			name = Debug;
		};
		DDE69886202E0D51009A466E /* Release */ = {
			isa = XCBuildConfiguration;
			baseConfigurationReference = 42C8966FF4F1EF3A3423E946 /* Pods-CustomEmailLoginTests.release.xcconfig */;
			buildSettings = {
				ALWAYS_EMBED_SWIFT_STANDARD_LIBRARIES = YES;
				BUNDLE_LOADER = "$(TEST_HOST)";
				CODE_SIGN_STYLE = Automatic;
				INFOPLIST_FILE = CustomEmailLoginTests/Info.plist;
				LD_RUNPATH_SEARCH_PATHS = "$(inherited) @executable_path/Frameworks @loader_path/Frameworks";
				PRODUCT_BUNDLE_IDENTIFIER = Tutorial.CustomEmailLoginTests;
				PRODUCT_NAME = "$(TARGET_NAME)";
				SWIFT_VERSION = 4.0;
				TARGETED_DEVICE_FAMILY = "1,2";
				TEST_HOST = "$(BUILT_PRODUCTS_DIR)/CustomEmailLogin.app/CustomEmailLogin";
			};
			name = Release;
		};
		DDE69888202E0D51009A466E /* Debug */ = {
			isa = XCBuildConfiguration;
			baseConfigurationReference = 84D6EB2144F4C84264807382 /* Pods-CustomEmailLoginUITests.debug.xcconfig */;
			buildSettings = {
				ALWAYS_EMBED_SWIFT_STANDARD_LIBRARIES = YES;
				CODE_SIGN_STYLE = Automatic;
				INFOPLIST_FILE = CustomEmailLoginUITests/Info.plist;
				LD_RUNPATH_SEARCH_PATHS = "$(inherited) @executable_path/Frameworks @loader_path/Frameworks";
				PRODUCT_BUNDLE_IDENTIFIER = Tutorial.CustomEmailLoginUITests;
				PRODUCT_NAME = "$(TARGET_NAME)";
				SWIFT_VERSION = 4.0;
				TARGETED_DEVICE_FAMILY = "1,2";
				TEST_TARGET_NAME = CustomEmailLogin;
			};
			name = Debug;
		};
		DDE69889202E0D51009A466E /* Release */ = {
			isa = XCBuildConfiguration;
			baseConfigurationReference = 0FD1CE7123EB5708637E7CAB /* Pods-CustomEmailLoginUITests.release.xcconfig */;
			buildSettings = {
				ALWAYS_EMBED_SWIFT_STANDARD_LIBRARIES = YES;
				CODE_SIGN_STYLE = Automatic;
				INFOPLIST_FILE = CustomEmailLoginUITests/Info.plist;
				LD_RUNPATH_SEARCH_PATHS = "$(inherited) @executable_path/Frameworks @loader_path/Frameworks";
				PRODUCT_BUNDLE_IDENTIFIER = Tutorial.CustomEmailLoginUITests;
				PRODUCT_NAME = "$(TARGET_NAME)";
				SWIFT_VERSION = 4.0;
				TARGETED_DEVICE_FAMILY = "1,2";
				TEST_TARGET_NAME = CustomEmailLogin;
			};
			name = Release;
		};
/* End XCBuildConfiguration section */

/* Begin XCConfigurationList section */
		DDE69854202E0D51009A466E /* Build configuration list for PBXProject "CustomEmailLogin" */ = {
			isa = XCConfigurationList;
			buildConfigurations = (
				DDE6987F202E0D51009A466E /* Debug */,
				DDE69880202E0D51009A466E /* Release */,
			);
			defaultConfigurationIsVisible = 0;
			defaultConfigurationName = Release;
		};
		DDE69881202E0D51009A466E /* Build configuration list for PBXNativeTarget "CustomEmailLogin" */ = {
			isa = XCConfigurationList;
			buildConfigurations = (
				DDE69882202E0D51009A466E /* Debug */,
				DDE69883202E0D51009A466E /* Release */,
			);
			defaultConfigurationIsVisible = 0;
			defaultConfigurationName = Release;
		};
		DDE69884202E0D51009A466E /* Build configuration list for PBXNativeTarget "CustomEmailLoginTests" */ = {
			isa = XCConfigurationList;
			buildConfigurations = (
				DDE69885202E0D51009A466E /* Debug */,
				DDE69886202E0D51009A466E /* Release */,
			);
			defaultConfigurationIsVisible = 0;
			defaultConfigurationName = Release;
		};
		DDE69887202E0D51009A466E /* Build configuration list for PBXNativeTarget "CustomEmailLoginUITests" */ = {
			isa = XCConfigurationList;
			buildConfigurations = (
				DDE69888202E0D51009A466E /* Debug */,
				DDE69889202E0D51009A466E /* Release */,
			);
			defaultConfigurationIsVisible = 0;
			defaultConfigurationName = Release;
		};
/* End XCConfigurationList section */
	};
	rootObject = DDE69851202E0D51009A466E /* Project object */;
}
